// !$*UTF8*$!
{
	archiveVersion = 1;
	classes = {
	};
	objectVersion = 46;
	objects = {

/* Begin PBXBuildFile section */
		4D717E4919DDE01B00DB9DDD /* TipoPlanta.m in Sources */ = {isa = PBXBuildFile; fileRef = 4D717E4819DDE01B00DB9DDD /* TipoPlanta.m */; };
		4D717E4F19DDE09400DB9DDD /* Planta.m in Sources */ = {isa = PBXBuildFile; fileRef = 4D717E4E19DDE09400DB9DDD /* Planta.m */; };
		4D717E5219DDE21B00DB9DDD /* PlantaViewController.m in Sources */ = {isa = PBXBuildFile; fileRef = 4D717E5119DDE21B00DB9DDD /* PlantaViewController.m */; };
		4DCF205C19D9DD3500915124 /* Armario.m in Sources */ = {isa = PBXBuildFile; fileRef = 4DCF204719D9DD3500915124 /* Armario.m */; };
		4DCF205D19D9DD3500915124 /* CicloVida.m in Sources */ = {isa = PBXBuildFile; fileRef = 4DCF204919D9DD3500915124 /* CicloVida.m */; };
		4DCF205E19D9DD3500915124 /* Cultivo.m in Sources */ = {isa = PBXBuildFile; fileRef = 4DCF204B19D9DD3500915124 /* Cultivo.m */; };
		4DCF205F19D9DD3500915124 /* Evento.m in Sources */ = {isa = PBXBuildFile; fileRef = 4DCF204D19D9DD3500915124 /* Evento.m */; };
		4DCF206019D9DD3500915124 /* Fertilizante.m in Sources */ = {isa = PBXBuildFile; fileRef = 4DCF204F19D9DD3500915124 /* Fertilizante.m */; };
		4DCF206119D9DD3500915124 /* Luces.m in Sources */ = {isa = PBXBuildFile; fileRef = 4DCF205119D9DD3500915124 /* Luces.m */; };
		4DCF206219D9DD3500915124 /* Maria.xcdatamodeld in Sources */ = {isa = PBXBuildFile; fileRef = 4DCF205219D9DD3500915124 /* Maria.xcdatamodeld */; };
		4DCF206319D9DD3500915124 /* PeriodoLuz.m in Sources */ = {isa = PBXBuildFile; fileRef = 4DCF205519D9DD3500915124 /* PeriodoLuz.m */; };
		4DCF206519D9DD3500915124 /* Riego.m in Sources */ = {isa = PBXBuildFile; fileRef = 4DCF205919D9DD3500915124 /* Riego.m */; };
		4DCF206619D9DD3500915124 /* Usuario.m in Sources */ = {isa = PBXBuildFile; fileRef = 4DCF205B19D9DD3500915124 /* Usuario.m */; };
		4DCF206F19D9DD8600915124 /* InitialViewController.m in Sources */ = {isa = PBXBuildFile; fileRef = 4DCF206919D9DD8600915124 /* InitialViewController.m */; };
		4DCF207019D9DD8600915124 /* LoginViewController.m in Sources */ = {isa = PBXBuildFile; fileRef = 4DCF206B19D9DD8600915124 /* LoginViewController.m */; };
		4DCF207119D9DD8600915124 /* Main.storyboard in Resources */ = {isa = PBXBuildFile; fileRef = 4DCF206C19D9DD8600915124 /* Main.storyboard */; };
		4DCF207219D9DD8600915124 /* NewUserViewController.m in Sources */ = {isa = PBXBuildFile; fileRef = 4DCF206E19D9DD8600915124 /* NewUserViewController.m */; };
		4DCF207519D9DF2300915124 /* CultivosTableViewController.m in Sources */ = {isa = PBXBuildFile; fileRef = 4DCF207419D9DF2300915124 /* CultivosTableViewController.m */; };
		4DD4EE8419DAE48600ED57F0 /* CultivoViewController.m in Sources */ = {isa = PBXBuildFile; fileRef = 4DD4EE8319DAE48600ED57F0 /* CultivoViewController.m */; };
		4DD4EE8719DAFF6400ED57F0 /* ArmarioViewController.m in Sources */ = {isa = PBXBuildFile; fileRef = 4DD4EE8619DAFF6400ED57F0 /* ArmarioViewController.m */; };
		4DD4EE8D19DB370500ED57F0 /* HorasLuzSelectorViewController.m in Sources */ = {isa = PBXBuildFile; fileRef = 4DD4EE8C19DB370500ED57F0 /* HorasLuzSelectorViewController.m */; };
		4DD4EE9019DC3E3B00ED57F0 /* SelectorViewController.m in Sources */ = {isa = PBXBuildFile; fileRef = 4DD4EE8F19DC3E3B00ED57F0 /* SelectorViewController.m */; };
		4DD4EE9319DC49FC00ED57F0 /* DataManager.m in Sources */ = {isa = PBXBuildFile; fileRef = 4DD4EE9219DC49FC00ED57F0 /* DataManager.m */; };
		4DD4EEAA19DC884000ED57F0 /* UIView+FrameHelper.m in Sources */ = {isa = PBXBuildFile; fileRef = 4DD4EEA919DC884000ED57F0 /* UIView+FrameHelper.m */; };
		4DEAAF3319D59D7D00E3FDDA /* main.m in Sources */ = {isa = PBXBuildFile; fileRef = 4DEAAF3219D59D7D00E3FDDA /* main.m */; };
		4DEAAF3619D59D7D00E3FDDA /* AppDelegate.m in Sources */ = {isa = PBXBuildFile; fileRef = 4DEAAF3519D59D7D00E3FDDA /* AppDelegate.m */; };
		4DEAAF4119D59D7D00E3FDDA /* Images.xcassets in Resources */ = {isa = PBXBuildFile; fileRef = 4DEAAF4019D59D7D00E3FDDA /* Images.xcassets */; };
		4DEAAF4419D59D7D00E3FDDA /* LaunchScreen.xib in Resources */ = {isa = PBXBuildFile; fileRef = 4DEAAF4219D59D7D00E3FDDA /* LaunchScreen.xib */; };
		4DEAAF5019D59D7D00E3FDDA /* MariaTests.m in Sources */ = {isa = PBXBuildFile; fileRef = 4DEAAF4F19D59D7D00E3FDDA /* MariaTests.m */; };
		B73EF1E84BD046BD8D232594 /* libPods.a in Frameworks */ = {isa = PBXBuildFile; fileRef = 3DC0FF23E20C4CEF87781FE5 /* libPods.a */; };
/* End PBXBuildFile section */

/* Begin PBXContainerItemProxy section */
		4DEAAF4A19D59D7D00E3FDDA /* PBXContainerItemProxy */ = {
			isa = PBXContainerItemProxy;
			containerPortal = 4DEAAF2519D59D7D00E3FDDA /* Project object */;
			proxyType = 1;
			remoteGlobalIDString = 4DEAAF2C19D59D7D00E3FDDA;
			remoteInfo = Maria;
		};
/* End PBXContainerItemProxy section */

/* Begin PBXFileReference section */
		3DC0FF23E20C4CEF87781FE5 /* libPods.a */ = {isa = PBXFileReference; explicitFileType = archive.ar; includeInIndex = 0; path = libPods.a; sourceTree = BUILT_PRODUCTS_DIR; };
		4D717E4719DDE01B00DB9DDD /* TipoPlanta.h */ = {isa = PBXFileReference; fileEncoding = 4; lastKnownFileType = sourcecode.c.h; path = TipoPlanta.h; sourceTree = "<group>"; };
		4D717E4819DDE01B00DB9DDD /* TipoPlanta.m */ = {isa = PBXFileReference; fileEncoding = 4; lastKnownFileType = sourcecode.c.objc; path = TipoPlanta.m; sourceTree = "<group>"; };
		4D717E4D19DDE09400DB9DDD /* Planta.h */ = {isa = PBXFileReference; fileEncoding = 4; lastKnownFileType = sourcecode.c.h; path = Planta.h; sourceTree = "<group>"; };
		4D717E4E19DDE09400DB9DDD /* Planta.m */ = {isa = PBXFileReference; fileEncoding = 4; lastKnownFileType = sourcecode.c.objc; path = Planta.m; sourceTree = "<group>"; };
		4D717E5019DDE21B00DB9DDD /* PlantaViewController.h */ = {isa = PBXFileReference; fileEncoding = 4; lastKnownFileType = sourcecode.c.h; path = PlantaViewController.h; sourceTree = "<group>"; };
		4D717E5119DDE21B00DB9DDD /* PlantaViewController.m */ = {isa = PBXFileReference; fileEncoding = 4; lastKnownFileType = sourcecode.c.objc; path = PlantaViewController.m; sourceTree = "<group>"; };
		4DB6191719DD8D07000EFBD1 /* Maria-Prefix.pch */ = {isa = PBXFileReference; fileEncoding = 4; lastKnownFileType = sourcecode.c.h; path = "Maria-Prefix.pch"; sourceTree = "<group>"; };
		4DCF204619D9DD3500915124 /* Armario.h */ = {isa = PBXFileReference; fileEncoding = 4; lastKnownFileType = sourcecode.c.h; path = Armario.h; sourceTree = "<group>"; };
		4DCF204719D9DD3500915124 /* Armario.m */ = {isa = PBXFileReference; fileEncoding = 4; lastKnownFileType = sourcecode.c.objc; path = Armario.m; sourceTree = "<group>"; };
		4DCF204819D9DD3500915124 /* CicloVida.h */ = {isa = PBXFileReference; fileEncoding = 4; lastKnownFileType = sourcecode.c.h; path = CicloVida.h; sourceTree = "<group>"; };
		4DCF204919D9DD3500915124 /* CicloVida.m */ = {isa = PBXFileReference; fileEncoding = 4; lastKnownFileType = sourcecode.c.objc; path = CicloVida.m; sourceTree = "<group>"; };
		4DCF204A19D9DD3500915124 /* Cultivo.h */ = {isa = PBXFileReference; fileEncoding = 4; lastKnownFileType = sourcecode.c.h; path = Cultivo.h; sourceTree = "<group>"; };
		4DCF204B19D9DD3500915124 /* Cultivo.m */ = {isa = PBXFileReference; fileEncoding = 4; lastKnownFileType = sourcecode.c.objc; path = Cultivo.m; sourceTree = "<group>"; };
		4DCF204C19D9DD3500915124 /* Evento.h */ = {isa = PBXFileReference; fileEncoding = 4; lastKnownFileType = sourcecode.c.h; path = Evento.h; sourceTree = "<group>"; };
		4DCF204D19D9DD3500915124 /* Evento.m */ = {isa = PBXFileReference; fileEncoding = 4; lastKnownFileType = sourcecode.c.objc; path = Evento.m; sourceTree = "<group>"; };
		4DCF204E19D9DD3500915124 /* Fertilizante.h */ = {isa = PBXFileReference; fileEncoding = 4; lastKnownFileType = sourcecode.c.h; path = Fertilizante.h; sourceTree = "<group>"; };
		4DCF204F19D9DD3500915124 /* Fertilizante.m */ = {isa = PBXFileReference; fileEncoding = 4; lastKnownFileType = sourcecode.c.objc; path = Fertilizante.m; sourceTree = "<group>"; };
		4DCF205019D9DD3500915124 /* Luces.h */ = {isa = PBXFileReference; fileEncoding = 4; lastKnownFileType = sourcecode.c.h; path = Luces.h; sourceTree = "<group>"; };
		4DCF205119D9DD3500915124 /* Luces.m */ = {isa = PBXFileReference; fileEncoding = 4; lastKnownFileType = sourcecode.c.objc; path = Luces.m; sourceTree = "<group>"; };
		4DCF205319D9DD3500915124 /* Maria.xcdatamodel */ = {isa = PBXFileReference; lastKnownFileType = wrapper.xcdatamodel; path = Maria.xcdatamodel; sourceTree = "<group>"; };
		4DCF205419D9DD3500915124 /* PeriodoLuz.h */ = {isa = PBXFileReference; fileEncoding = 4; lastKnownFileType = sourcecode.c.h; path = PeriodoLuz.h; sourceTree = "<group>"; };
		4DCF205519D9DD3500915124 /* PeriodoLuz.m */ = {isa = PBXFileReference; fileEncoding = 4; lastKnownFileType = sourcecode.c.objc; path = PeriodoLuz.m; sourceTree = "<group>"; };
		4DCF205819D9DD3500915124 /* Riego.h */ = {isa = PBXFileReference; fileEncoding = 4; lastKnownFileType = sourcecode.c.h; path = Riego.h; sourceTree = "<group>"; };
		4DCF205919D9DD3500915124 /* Riego.m */ = {isa = PBXFileReference; fileEncoding = 4; lastKnownFileType = sourcecode.c.objc; path = Riego.m; sourceTree = "<group>"; };
		4DCF205A19D9DD3500915124 /* Usuario.h */ = {isa = PBXFileReference; fileEncoding = 4; lastKnownFileType = sourcecode.c.h; path = Usuario.h; sourceTree = "<group>"; };
		4DCF205B19D9DD3500915124 /* Usuario.m */ = {isa = PBXFileReference; fileEncoding = 4; lastKnownFileType = sourcecode.c.objc; path = Usuario.m; sourceTree = "<group>"; };
		4DCF206819D9DD8600915124 /* InitialViewController.h */ = {isa = PBXFileReference; fileEncoding = 4; lastKnownFileType = sourcecode.c.h; path = InitialViewController.h; sourceTree = "<group>"; };
		4DCF206919D9DD8600915124 /* InitialViewController.m */ = {isa = PBXFileReference; fileEncoding = 4; lastKnownFileType = sourcecode.c.objc; path = InitialViewController.m; sourceTree = "<group>"; };
		4DCF206A19D9DD8600915124 /* LoginViewController.h */ = {isa = PBXFileReference; fileEncoding = 4; lastKnownFileType = sourcecode.c.h; path = LoginViewController.h; sourceTree = "<group>"; };
		4DCF206B19D9DD8600915124 /* LoginViewController.m */ = {isa = PBXFileReference; fileEncoding = 4; lastKnownFileType = sourcecode.c.objc; path = LoginViewController.m; sourceTree = "<group>"; };
		4DCF206C19D9DD8600915124 /* Main.storyboard */ = {isa = PBXFileReference; fileEncoding = 4; lastKnownFileType = file.storyboard; path = Main.storyboard; sourceTree = "<group>"; };
		4DCF206D19D9DD8600915124 /* NewUserViewController.h */ = {isa = PBXFileReference; fileEncoding = 4; lastKnownFileType = sourcecode.c.h; path = NewUserViewController.h; sourceTree = "<group>"; };
		4DCF206E19D9DD8600915124 /* NewUserViewController.m */ = {isa = PBXFileReference; fileEncoding = 4; lastKnownFileType = sourcecode.c.objc; path = NewUserViewController.m; sourceTree = "<group>"; };
		4DCF207319D9DF2300915124 /* CultivosTableViewController.h */ = {isa = PBXFileReference; fileEncoding = 4; lastKnownFileType = sourcecode.c.h; path = CultivosTableViewController.h; sourceTree = "<group>"; };
		4DCF207419D9DF2300915124 /* CultivosTableViewController.m */ = {isa = PBXFileReference; fileEncoding = 4; lastKnownFileType = sourcecode.c.objc; path = CultivosTableViewController.m; sourceTree = "<group>"; };
		4DD4EE8219DAE48600ED57F0 /* CultivoViewController.h */ = {isa = PBXFileReference; fileEncoding = 4; lastKnownFileType = sourcecode.c.h; path = CultivoViewController.h; sourceTree = "<group>"; };
		4DD4EE8319DAE48600ED57F0 /* CultivoViewController.m */ = {isa = PBXFileReference; fileEncoding = 4; lastKnownFileType = sourcecode.c.objc; path = CultivoViewController.m; sourceTree = "<group>"; };
		4DD4EE8519DAFF6400ED57F0 /* ArmarioViewController.h */ = {isa = PBXFileReference; fileEncoding = 4; lastKnownFileType = sourcecode.c.h; path = ArmarioViewController.h; sourceTree = "<group>"; };
		4DD4EE8619DAFF6400ED57F0 /* ArmarioViewController.m */ = {isa = PBXFileReference; fileEncoding = 4; lastKnownFileType = sourcecode.c.objc; path = ArmarioViewController.m; sourceTree = "<group>"; };
		4DD4EE8B19DB370500ED57F0 /* HorasLuzSelectorViewController.h */ = {isa = PBXFileReference; fileEncoding = 4; lastKnownFileType = sourcecode.c.h; path = HorasLuzSelectorViewController.h; sourceTree = "<group>"; };
		4DD4EE8C19DB370500ED57F0 /* HorasLuzSelectorViewController.m */ = {isa = PBXFileReference; fileEncoding = 4; lastKnownFileType = sourcecode.c.objc; path = HorasLuzSelectorViewController.m; sourceTree = "<group>"; };
		4DD4EE8E19DC3E3B00ED57F0 /* SelectorViewController.h */ = {isa = PBXFileReference; fileEncoding = 4; lastKnownFileType = sourcecode.c.h; path = SelectorViewController.h; sourceTree = "<group>"; };
		4DD4EE8F19DC3E3B00ED57F0 /* SelectorViewController.m */ = {isa = PBXFileReference; fileEncoding = 4; lastKnownFileType = sourcecode.c.objc; path = SelectorViewController.m; sourceTree = "<group>"; };
		4DD4EE9119DC49FC00ED57F0 /* DataManager.h */ = {isa = PBXFileReference; fileEncoding = 4; lastKnownFileType = sourcecode.c.h; path = DataManager.h; sourceTree = "<group>"; };
		4DD4EE9219DC49FC00ED57F0 /* DataManager.m */ = {isa = PBXFileReference; fileEncoding = 4; lastKnownFileType = sourcecode.c.objc; path = DataManager.m; sourceTree = "<group>"; };
		4DD4EEA419DC879600ED57F0 /* UIKitHelpers.h */ = {isa = PBXFileReference; fileEncoding = 4; lastKnownFileType = sourcecode.c.h; path = UIKitHelpers.h; sourceTree = "<group>"; };
		4DD4EEA819DC884000ED57F0 /* UIView+FrameHelper.h */ = {isa = PBXFileReference; fileEncoding = 4; lastKnownFileType = sourcecode.c.h; path = "UIView+FrameHelper.h"; sourceTree = "<group>"; };
		4DD4EEA919DC884000ED57F0 /* UIView+FrameHelper.m */ = {isa = PBXFileReference; fileEncoding = 4; lastKnownFileType = sourcecode.c.objc; path = "UIView+FrameHelper.m"; sourceTree = "<group>"; };
		4DEAAF2D19D59D7D00E3FDDA /* Maria.app */ = {isa = PBXFileReference; explicitFileType = wrapper.application; includeInIndex = 0; path = Maria.app; sourceTree = BUILT_PRODUCTS_DIR; };
		4DEAAF3119D59D7D00E3FDDA /* Info.plist */ = {isa = PBXFileReference; lastKnownFileType = text.plist.xml; path = Info.plist; sourceTree = "<group>"; };
		4DEAAF3219D59D7D00E3FDDA /* main.m */ = {isa = PBXFileReference; lastKnownFileType = sourcecode.c.objc; path = main.m; sourceTree = "<group>"; };
		4DEAAF3419D59D7D00E3FDDA /* AppDelegate.h */ = {isa = PBXFileReference; lastKnownFileType = sourcecode.c.h; path = AppDelegate.h; sourceTree = "<group>"; };
		4DEAAF3519D59D7D00E3FDDA /* AppDelegate.m */ = {isa = PBXFileReference; lastKnownFileType = sourcecode.c.objc; path = AppDelegate.m; sourceTree = "<group>"; };
		4DEAAF4019D59D7D00E3FDDA /* Images.xcassets */ = {isa = PBXFileReference; lastKnownFileType = folder.assetcatalog; path = Images.xcassets; sourceTree = "<group>"; };
		4DEAAF4319D59D7D00E3FDDA /* Base */ = {isa = PBXFileReference; lastKnownFileType = file.xib; name = Base; path = Base.lproj/LaunchScreen.xib; sourceTree = "<group>"; };
		4DEAAF4919D59D7D00E3FDDA /* MariaTests.xctest */ = {isa = PBXFileReference; explicitFileType = wrapper.cfbundle; includeInIndex = 0; path = MariaTests.xctest; sourceTree = BUILT_PRODUCTS_DIR; };
		4DEAAF4E19D59D7D00E3FDDA /* Info.plist */ = {isa = PBXFileReference; lastKnownFileType = text.plist.xml; path = Info.plist; sourceTree = "<group>"; };
		4DEAAF4F19D59D7D00E3FDDA /* MariaTests.m */ = {isa = PBXFileReference; lastKnownFileType = sourcecode.c.objc; path = MariaTests.m; sourceTree = "<group>"; };
		D95EBD516FB14C24B3FA0B8F /* Pods.xcconfig */ = {isa = PBXFileReference; includeInIndex = 1; lastKnownFileType = text.xcconfig; name = Pods.xcconfig; path = Pods/Pods.xcconfig; sourceTree = "<group>"; };
/* End PBXFileReference section */

/* Begin PBXFrameworksBuildPhase section */
		4DEAAF2A19D59D7D00E3FDDA /* Frameworks */ = {
			isa = PBXFrameworksBuildPhase;
			buildActionMask = 2147483647;
			files = (
				B73EF1E84BD046BD8D232594 /* libPods.a in Frameworks */,
			);
			runOnlyForDeploymentPostprocessing = 0;
		};
		4DEAAF4619D59D7D00E3FDDA /* Frameworks */ = {
			isa = PBXFrameworksBuildPhase;
			buildActionMask = 2147483647;
			files = (
			);
			runOnlyForDeploymentPostprocessing = 0;
		};
/* End PBXFrameworksBuildPhase section */

/* Begin PBXGroup section */
		066DA61E515A46C6B4A83F0D /* Frameworks */ = {
			isa = PBXGroup;
			children = (
				3DC0FF23E20C4CEF87781FE5 /* libPods.a */,
			);
			name = Frameworks;
			sourceTree = "<group>";
		};
		4DCF204519D9DD3500915124 /* Model */ = {
			isa = PBXGroup;
			children = (
				4DCF205219D9DD3500915124 /* Maria.xcdatamodeld */,
				4D717E4719DDE01B00DB9DDD /* TipoPlanta.h */,
				4D717E4819DDE01B00DB9DDD /* TipoPlanta.m */,
				4DCF204619D9DD3500915124 /* Armario.h */,
				4DCF204719D9DD3500915124 /* Armario.m */,
				4DCF204819D9DD3500915124 /* CicloVida.h */,
				4DCF204919D9DD3500915124 /* CicloVida.m */,
				4DCF204A19D9DD3500915124 /* Cultivo.h */,
				4DCF204B19D9DD3500915124 /* Cultivo.m */,
				4DCF204C19D9DD3500915124 /* Evento.h */,
				4DCF204D19D9DD3500915124 /* Evento.m */,
				4DCF204E19D9DD3500915124 /* Fertilizante.h */,
				4DCF204F19D9DD3500915124 /* Fertilizante.m */,
				4DCF205019D9DD3500915124 /* Luces.h */,
				4DCF205119D9DD3500915124 /* Luces.m */,
				4DCF205419D9DD3500915124 /* PeriodoLuz.h */,
				4DCF205519D9DD3500915124 /* PeriodoLuz.m */,
				4DCF205819D9DD3500915124 /* Riego.h */,
				4DCF205919D9DD3500915124 /* Riego.m */,
				4DCF205A19D9DD3500915124 /* Usuario.h */,
				4DCF205B19D9DD3500915124 /* Usuario.m */,
				4DD4EE9119DC49FC00ED57F0 /* DataManager.h */,
				4DD4EE9219DC49FC00ED57F0 /* DataManager.m */,
				4D717E4D19DDE09400DB9DDD /* Planta.h */,
				4D717E4E19DDE09400DB9DDD /* Planta.m */,
			);
			path = Model;
			sourceTree = "<group>";
		};
		4DCF206719D9DD8600915124 /* ViewControllers */ = {
			isa = PBXGroup;
			children = (
				4DCF206819D9DD8600915124 /* InitialViewController.h */,
				4DCF206919D9DD8600915124 /* InitialViewController.m */,
				4DCF206A19D9DD8600915124 /* LoginViewController.h */,
				4DCF206B19D9DD8600915124 /* LoginViewController.m */,
				4DCF206C19D9DD8600915124 /* Main.storyboard */,
				4DCF206D19D9DD8600915124 /* NewUserViewController.h */,
				4DCF206E19D9DD8600915124 /* NewUserViewController.m */,
				4DCF207319D9DF2300915124 /* CultivosTableViewController.h */,
				4DCF207419D9DF2300915124 /* CultivosTableViewController.m */,
				4DD4EE8219DAE48600ED57F0 /* CultivoViewController.h */,
				4DD4EE8319DAE48600ED57F0 /* CultivoViewController.m */,
				4DD4EE8519DAFF6400ED57F0 /* ArmarioViewController.h */,
				4DD4EE8619DAFF6400ED57F0 /* ArmarioViewController.m */,
				4DD4EE8B19DB370500ED57F0 /* HorasLuzSelectorViewController.h */,
				4DD4EE8C19DB370500ED57F0 /* HorasLuzSelectorViewController.m */,
				4DD4EE8E19DC3E3B00ED57F0 /* SelectorViewController.h */,
				4DD4EE8F19DC3E3B00ED57F0 /* SelectorViewController.m */,
				4D717E5019DDE21B00DB9DDD /* PlantaViewController.h */,
				4D717E5119DDE21B00DB9DDD /* PlantaViewController.m */,
			);
			path = ViewControllers;
			sourceTree = "<group>";
		};
		4DD4EE9419DC85E800ED57F0 /* Helpers */ = {
			isa = PBXGroup;
			children = (
				4DD4EEA419DC879600ED57F0 /* UIKitHelpers.h */,
				4DD4EEA819DC884000ED57F0 /* UIView+FrameHelper.h */,
				4DD4EEA919DC884000ED57F0 /* UIView+FrameHelper.m */,
			);
			path = Helpers;
			sourceTree = "<group>";
		};
		4DEAAF2419D59D7C00E3FDDA = {
			isa = PBXGroup;
			children = (
				4DB6191719DD8D07000EFBD1 /* Maria-Prefix.pch */,
				4DEAAF2F19D59D7D00E3FDDA /* Maria */,
				4DEAAF4C19D59D7D00E3FDDA /* MariaTests */,
				4DEAAF2E19D59D7D00E3FDDA /* Products */,
				D95EBD516FB14C24B3FA0B8F /* Pods.xcconfig */,
				066DA61E515A46C6B4A83F0D /* Frameworks */,
			);
			sourceTree = "<group>";
		};
		4DEAAF2E19D59D7D00E3FDDA /* Products */ = {
			isa = PBXGroup;
			children = (
				4DEAAF2D19D59D7D00E3FDDA /* Maria.app */,
				4DEAAF4919D59D7D00E3FDDA /* MariaTests.xctest */,
			);
			name = Products;
			sourceTree = "<group>";
		};
		4DEAAF2F19D59D7D00E3FDDA /* Maria */ = {
			isa = PBXGroup;
			children = (
				4DD4EE9419DC85E800ED57F0 /* Helpers */,
				4DCF206719D9DD8600915124 /* ViewControllers */,
				4DCF204519D9DD3500915124 /* Model */,
				4DEAAF3419D59D7D00E3FDDA /* AppDelegate.h */,
				4DEAAF3519D59D7D00E3FDDA /* AppDelegate.m */,
				4DEAAF4019D59D7D00E3FDDA /* Images.xcassets */,
				4DEAAF4219D59D7D00E3FDDA /* LaunchScreen.xib */,
				4DEAAF3019D59D7D00E3FDDA /* Supporting Files */,
			);
			path = Maria;
			sourceTree = "<group>";
		};
		4DEAAF3019D59D7D00E3FDDA /* Supporting Files */ = {
			isa = PBXGroup;
			children = (
				4DEAAF3119D59D7D00E3FDDA /* Info.plist */,
				4DEAAF3219D59D7D00E3FDDA /* main.m */,
			);
			name = "Supporting Files";
			sourceTree = "<group>";
		};
		4DEAAF4C19D59D7D00E3FDDA /* MariaTests */ = {
			isa = PBXGroup;
			children = (
				4DEAAF4F19D59D7D00E3FDDA /* MariaTests.m */,
				4DEAAF4D19D59D7D00E3FDDA /* Supporting Files */,
			);
			path = MariaTests;
			sourceTree = "<group>";
		};
		4DEAAF4D19D59D7D00E3FDDA /* Supporting Files */ = {
			isa = PBXGroup;
			children = (
				4DEAAF4E19D59D7D00E3FDDA /* Info.plist */,
			);
			name = "Supporting Files";
			sourceTree = "<group>";
		};
/* End PBXGroup section */

/* Begin PBXNativeTarget section */
		4DEAAF2C19D59D7D00E3FDDA /* Maria */ = {
			isa = PBXNativeTarget;
			buildConfigurationList = 4DEAAF5319D59D7D00E3FDDA /* Build configuration list for PBXNativeTarget "Maria" */;
			buildPhases = (
				151F5B5175514425AE35D03A /* Check Pods Manifest.lock */,
				4DEAAF2919D59D7D00E3FDDA /* Sources */,
				4DEAAF2A19D59D7D00E3FDDA /* Frameworks */,
				4DEAAF2B19D59D7D00E3FDDA /* Resources */,
				132E77D6C48B4ED18C73F1CF /* Copy Pods Resources */,
			);
			buildRules = (
			);
			dependencies = (
			);
			name = Maria;
			productName = Maria;
			productReference = 4DEAAF2D19D59D7D00E3FDDA /* Maria.app */;
			productType = "com.apple.product-type.application";
		};
		4DEAAF4819D59D7D00E3FDDA /* MariaTests */ = {
			isa = PBXNativeTarget;
			buildConfigurationList = 4DEAAF5619D59D7D00E3FDDA /* Build configuration list for PBXNativeTarget "MariaTests" */;
			buildPhases = (
				4DEAAF4519D59D7D00E3FDDA /* Sources */,
				4DEAAF4619D59D7D00E3FDDA /* Frameworks */,
				4DEAAF4719D59D7D00E3FDDA /* Resources */,
			);
			buildRules = (
			);
			dependencies = (
				4DEAAF4B19D59D7D00E3FDDA /* PBXTargetDependency */,
			);
			name = MariaTests;
			productName = MariaTests;
			productReference = 4DEAAF4919D59D7D00E3FDDA /* MariaTests.xctest */;
			productType = "com.apple.product-type.bundle.unit-test";
		};
/* End PBXNativeTarget section */

/* Begin PBXProject section */
		4DEAAF2519D59D7D00E3FDDA /* Project object */ = {
			isa = PBXProject;
			attributes = {
				LastUpgradeCheck = 0600;
				ORGANIZATIONNAME = "Juan Escudero";
				TargetAttributes = {
					4DEAAF2C19D59D7D00E3FDDA = {
						CreatedOnToolsVersion = 6.0;
					};
					4DEAAF4819D59D7D00E3FDDA = {
						CreatedOnToolsVersion = 6.0;
						TestTargetID = 4DEAAF2C19D59D7D00E3FDDA;
					};
				};
			};
			buildConfigurationList = 4DEAAF2819D59D7D00E3FDDA /* Build configuration list for PBXProject "Maria" */;
			compatibilityVersion = "Xcode 3.2";
			developmentRegion = English;
			hasScannedForEncodings = 0;
			knownRegions = (
				en,
				Base,
			);
			mainGroup = 4DEAAF2419D59D7C00E3FDDA;
			productRefGroup = 4DEAAF2E19D59D7D00E3FDDA /* Products */;
			projectDirPath = "";
			projectRoot = "";
			targets = (
				4DEAAF2C19D59D7D00E3FDDA /* Maria */,
				4DEAAF4819D59D7D00E3FDDA /* MariaTests */,
			);
		};
/* End PBXProject section */

/* Begin PBXResourcesBuildPhase section */
		4DEAAF2B19D59D7D00E3FDDA /* Resources */ = {
			isa = PBXResourcesBuildPhase;
			buildActionMask = 2147483647;
			files = (
				4DCF207119D9DD8600915124 /* Main.storyboard in Resources */,
				4DEAAF4419D59D7D00E3FDDA /* LaunchScreen.xib in Resources */,
				4DEAAF4119D59D7D00E3FDDA /* Images.xcassets in Resources */,
			);
			runOnlyForDeploymentPostprocessing = 0;
		};
		4DEAAF4719D59D7D00E3FDDA /* Resources */ = {
			isa = PBXResourcesBuildPhase;
			buildActionMask = 2147483647;
			files = (
			);
			runOnlyForDeploymentPostprocessing = 0;
		};
/* End PBXResourcesBuildPhase section */

/* Begin PBXShellScriptBuildPhase section */
		132E77D6C48B4ED18C73F1CF /* Copy Pods Resources */ = {
			isa = PBXShellScriptBuildPhase;
			buildActionMask = 2147483647;
			files = (
			);
			inputPaths = (
			);
			name = "Copy Pods Resources";
			outputPaths = (
			);
			runOnlyForDeploymentPostprocessing = 0;
			shellPath = /bin/sh;
			shellScript = "\"${SRCROOT}/Pods/Pods-resources.sh\"\n";
			showEnvVarsInLog = 0;
		};
		151F5B5175514425AE35D03A /* Check Pods Manifest.lock */ = {
			isa = PBXShellScriptBuildPhase;
			buildActionMask = 2147483647;
			files = (
			);
			inputPaths = (
			);
			name = "Check Pods Manifest.lock";
			outputPaths = (
			);
			runOnlyForDeploymentPostprocessing = 0;
			shellPath = /bin/sh;
			shellScript = "diff \"${PODS_ROOT}/../Podfile.lock\" \"${PODS_ROOT}/Manifest.lock\" > /dev/null\nif [[ $? != 0 ]] ; then\n    cat << EOM\nerror: The sandbox is not in sync with the Podfile.lock. Run 'pod install' or update your CocoaPods installation.\nEOM\n    exit 1\nfi\n";
			showEnvVarsInLog = 0;
		};
/* End PBXShellScriptBuildPhase section */

/* Begin PBXSourcesBuildPhase section */
		4DEAAF2919D59D7D00E3FDDA /* Sources */ = {
			isa = PBXSourcesBuildPhase;
			buildActionMask = 2147483647;
			files = (
				4DCF206019D9DD3500915124 /* Fertilizante.m in Sources */,
				4DCF205E19D9DD3500915124 /* Cultivo.m in Sources */,
				4D717E4919DDE01B00DB9DDD /* TipoPlanta.m in Sources */,
				4D717E4F19DDE09400DB9DDD /* Planta.m in Sources */,
				4DEAAF3619D59D7D00E3FDDA /* AppDelegate.m in Sources */,
				4DCF206319D9DD3500915124 /* PeriodoLuz.m in Sources */,
				4DCF206F19D9DD8600915124 /* InitialViewController.m in Sources */,
				4DEAAF3319D59D7D00E3FDDA /* main.m in Sources */,
				4DCF205C19D9DD3500915124 /* Armario.m in Sources */,
				4DD4EE9019DC3E3B00ED57F0 /* SelectorViewController.m in Sources */,
				4DD4EE9319DC49FC00ED57F0 /* DataManager.m in Sources */,
				4DD4EE8719DAFF6400ED57F0 /* ArmarioViewController.m in Sources */,
				4DCF206219D9DD3500915124 /* Maria.xcdatamodeld in Sources */,
				4DD4EE8D19DB370500ED57F0 /* HorasLuzSelectorViewController.m in Sources */,
				4D717E5219DDE21B00DB9DDD /* PlantaViewController.m in Sources */,
				4DCF206119D9DD3500915124 /* Luces.m in Sources */,
				4DCF207519D9DF2300915124 /* CultivosTableViewController.m in Sources */,
				4DD4EE8419DAE48600ED57F0 /* CultivoViewController.m in Sources */,
				4DCF207219D9DD8600915124 /* NewUserViewController.m in Sources */,
				4DCF206619D9DD3500915124 /* Usuario.m in Sources */,
				4DCF206519D9DD3500915124 /* Riego.m in Sources */,
				4DCF205F19D9DD3500915124 /* Evento.m in Sources */,
				4DD4EEAA19DC884000ED57F0 /* UIView+FrameHelper.m in Sources */,
				4DCF205D19D9DD3500915124 /* CicloVida.m in Sources */,
				4DCF207019D9DD8600915124 /* LoginViewController.m in Sources */,
			);
			runOnlyForDeploymentPostprocessing = 0;
		};
		4DEAAF4519D59D7D00E3FDDA /* Sources */ = {
			isa = PBXSourcesBuildPhase;
			buildActionMask = 2147483647;
			files = (
				4DEAAF5019D59D7D00E3FDDA /* MariaTests.m in Sources */,
			);
			runOnlyForDeploymentPostprocessing = 0;
		};
/* End PBXSourcesBuildPhase section */

/* Begin PBXTargetDependency section */
		4DEAAF4B19D59D7D00E3FDDA /* PBXTargetDependency */ = {
			isa = PBXTargetDependency;
			target = 4DEAAF2C19D59D7D00E3FDDA /* Maria */;
			targetProxy = 4DEAAF4A19D59D7D00E3FDDA /* PBXContainerItemProxy */;
		};
/* End PBXTargetDependency section */

/* Begin PBXVariantGroup section */
		4DEAAF4219D59D7D00E3FDDA /* LaunchScreen.xib */ = {
			isa = PBXVariantGroup;
			children = (
				4DEAAF4319D59D7D00E3FDDA /* Base */,
			);
			name = LaunchScreen.xib;
			sourceTree = "<group>";
		};
/* End PBXVariantGroup section */

/* Begin XCBuildConfiguration section */
		4DEAAF5119D59D7D00E3FDDA /* Debug */ = {
			isa = XCBuildConfiguration;
			buildSettings = {
				ALWAYS_SEARCH_USER_PATHS = NO;
				CLANG_CXX_LANGUAGE_STANDARD = "gnu++0x";
				CLANG_CXX_LIBRARY = "libc++";
				CLANG_ENABLE_MODULES = YES;
				CLANG_ENABLE_OBJC_ARC = YES;
				CLANG_WARN_BOOL_CONVERSION = YES;
				CLANG_WARN_CONSTANT_CONVERSION = YES;
				CLANG_WARN_DIRECT_OBJC_ISA_USAGE = YES_ERROR;
				CLANG_WARN_EMPTY_BODY = YES;
				CLANG_WARN_ENUM_CONVERSION = YES;
				CLANG_WARN_INT_CONVERSION = YES;
				CLANG_WARN_OBJC_ROOT_CLASS = YES_ERROR;
				CLANG_WARN_UNREACHABLE_CODE = YES;
				CLANG_WARN__DUPLICATE_METHOD_MATCH = YES;
				"CODE_SIGN_IDENTITY[sdk=iphoneos*]" = "iPhone Developer";
				COPY_PHASE_STRIP = NO;
				ENABLE_STRICT_OBJC_MSGSEND = YES;
				GCC_C_LANGUAGE_STANDARD = gnu99;
				GCC_DYNAMIC_NO_PIC = NO;
				GCC_OPTIMIZATION_LEVEL = 0;
				GCC_PRECOMPILE_PREFIX_HEADER = YES;
				GCC_PREFIX_HEADER = "Maria-Prefix.pch";
				GCC_PREPROCESSOR_DEFINITIONS = (
					"DEBUG=1",
					"$(inherited)",
				);
				GCC_SYMBOLS_PRIVATE_EXTERN = NO;
				GCC_WARN_64_TO_32_BIT_CONVERSION = YES;
				GCC_WARN_ABOUT_RETURN_TYPE = YES_ERROR;
				GCC_WARN_UNDECLARED_SELECTOR = YES;
				GCC_WARN_UNINITIALIZED_AUTOS = YES_AGGRESSIVE;
				GCC_WARN_UNUSED_FUNCTION = YES;
				GCC_WARN_UNUSED_VARIABLE = YES;
				IPHONEOS_DEPLOYMENT_TARGET = 8.0;
				MTL_ENABLE_DEBUG_INFO = YES;
				ONLY_ACTIVE_ARCH = YES;
				SDKROOT = iphoneos;
			};
			name = Debug;
		};
		4DEAAF5219D59D7D00E3FDDA /* Release */ = {
			isa = XCBuildConfiguration;
			buildSettings = {
				ALWAYS_SEARCH_USER_PATHS = NO;
				CLANG_CXX_LANGUAGE_STANDARD = "gnu++0x";
				CLANG_CXX_LIBRARY = "libc++";
				CLANG_ENABLE_MODULES = YES;
				CLANG_ENABLE_OBJC_ARC = YES;
				CLANG_WARN_BOOL_CONVERSION = YES;
				CLANG_WARN_CONSTANT_CONVERSION = YES;
				CLANG_WARN_DIRECT_OBJC_ISA_USAGE = YES_ERROR;
				CLANG_WARN_EMPTY_BODY = YES;
				CLANG_WARN_ENUM_CONVERSION = YES;
				CLANG_WARN_INT_CONVERSION = YES;
				CLANG_WARN_OBJC_ROOT_CLASS = YES_ERROR;
				CLANG_WARN_UNREACHABLE_CODE = YES;
				CLANG_WARN__DUPLICATE_METHOD_MATCH = YES;
				"CODE_SIGN_IDENTITY[sdk=iphoneos*]" = "iPhone Developer";
				COPY_PHASE_STRIP = YES;
				ENABLE_NS_ASSERTIONS = NO;
				ENABLE_STRICT_OBJC_MSGSEND = YES;
				GCC_C_LANGUAGE_STANDARD = gnu99;
				GCC_PRECOMPILE_PREFIX_HEADER = YES;
				GCC_PREFIX_HEADER = "Maria-Prefix.pch";
				GCC_WARN_64_TO_32_BIT_CONVERSION = YES;
				GCC_WARN_ABOUT_RETURN_TYPE = YES_ERROR;
				GCC_WARN_UNDECLARED_SELECTOR = YES;
				GCC_WARN_UNINITIALIZED_AUTOS = YES_AGGRESSIVE;
				GCC_WARN_UNUSED_FUNCTION = YES;
				GCC_WARN_UNUSED_VARIABLE = YES;
				IPHONEOS_DEPLOYMENT_TARGET = 8.0;
				MTL_ENABLE_DEBUG_INFO = NO;
				SDKROOT = iphoneos;
				VALIDATE_PRODUCT = YES;
			};
			name = Release;
		};
		4DEAAF5419D59D7D00E3FDDA /* Debug */ = {
			isa = XCBuildConfiguration;
			baseConfigurationReference = D95EBD516FB14C24B3FA0B8F /* Pods.xcconfig */;
			buildSettings = {
				ASSETCATALOG_COMPILER_APPICON_NAME = AppIcon;
				GCC_PRECOMPILE_PREFIX_HEADER = YES;
				HEADER_SEARCH_PATHS = (
					"\"${PODS_ROOT}/Headers\"",
					"\"${PODS_ROOT}/Headers/ObjectiveRecord\"",
					"\"${PODS_ROOT}/Headers/ObjectiveSugar\"",
				);
				INFOPLIST_FILE = Maria/Info.plist;
				LD_RUNPATH_SEARCH_PATHS = "$(inherited) @executable_path/Frameworks";
				PRODUCT_NAME = "$(TARGET_NAME)";
			};
			name = Debug;
		};
		4DEAAF5519D59D7D00E3FDDA /* Release */ = {
			isa = XCBuildConfiguration;
			baseConfigurationReference = D95EBD516FB14C24B3FA0B8F /* Pods.xcconfig */;
			buildSettings = {
				ASSETCATALOG_COMPILER_APPICON_NAME = AppIcon;
				GCC_PRECOMPILE_PREFIX_HEADER = YES;
				HEADER_SEARCH_PATHS = (
					"\"${PODS_ROOT}/Headers\"",
					"\"${PODS_ROOT}/Headers/ObjectiveRecord\"",
					"\"${PODS_ROOT}/Headers/ObjectiveSugar\"",
				);
				INFOPLIST_FILE = Maria/Info.plist;
				LD_RUNPATH_SEARCH_PATHS = "$(inherited) @executable_path/Frameworks";
				PRODUCT_NAME = "$(TARGET_NAME)";
			};
			name = Release;
		};
		4DEAAF5719D59D7D00E3FDDA /* Debug */ = {
			isa = XCBuildConfiguration;
			buildSettings = {
				BUNDLE_LOADER = "$(TEST_HOST)";
				FRAMEWORK_SEARCH_PATHS = (
					"$(SDKROOT)/Developer/Library/Frameworks",
					"$(inherited)",
				);
				GCC_PREPROCESSOR_DEFINITIONS = (
					"DEBUG=1",
					"$(inherited)",
				);
				INFOPLIST_FILE = MariaTests/Info.plist;
				LD_RUNPATH_SEARCH_PATHS = "$(inherited) @executable_path/Frameworks @loader_path/Frameworks";
				PRODUCT_NAME = "$(TARGET_NAME)";
				TEST_HOST = "$(BUILT_PRODUCTS_DIR)/Maria.app/Maria";
			};
			name = Debug;
		};
		4DEAAF5819D59D7D00E3FDDA /* Release */ = {
			isa = XCBuildConfiguration;
			buildSettings = {
				BUNDLE_LOADER = "$(TEST_HOST)";
				FRAMEWORK_SEARCH_PATHS = (
					"$(SDKROOT)/Developer/Library/Frameworks",
					"$(inherited)",
				);
				INFOPLIST_FILE = MariaTests/Info.plist;
				LD_RUNPATH_SEARCH_PATHS = "$(inherited) @executable_path/Frameworks @loader_path/Frameworks";
				PRODUCT_NAME = "$(TARGET_NAME)";
				TEST_HOST = "$(BUILT_PRODUCTS_DIR)/Maria.app/Maria";
			};
			name = Release;
		};
/* End XCBuildConfiguration section */

/* Begin XCConfigurationList section */
		4DEAAF2819D59D7D00E3FDDA /* Build configuration list for PBXProject "Maria" */ = {
			isa = XCConfigurationList;
			buildConfigurations = (
				4DEAAF5119D59D7D00E3FDDA /* Debug */,
				4DEAAF5219D59D7D00E3FDDA /* Release */,
			);
			defaultConfigurationIsVisible = 0;
			defaultConfigurationName = Release;
		};
		4DEAAF5319D59D7D00E3FDDA /* Build configuration list for PBXNativeTarget "Maria" */ = {
			isa = XCConfigurationList;
			buildConfigurations = (
				4DEAAF5419D59D7D00E3FDDA /* Debug */,
				4DEAAF5519D59D7D00E3FDDA /* Release */,
			);
			defaultConfigurationIsVisible = 0;
			defaultConfigurationName = Release;
		};
		4DEAAF5619D59D7D00E3FDDA /* Build configuration list for PBXNativeTarget "MariaTests" */ = {
			isa = XCConfigurationList;
			buildConfigurations = (
				4DEAAF5719D59D7D00E3FDDA /* Debug */,
				4DEAAF5819D59D7D00E3FDDA /* Release */,
			);
			defaultConfigurationIsVisible = 0;
			defaultConfigurationName = Release;
		};
/* End XCConfigurationList section */

/* Begin XCVersionGroup section */
		4DCF205219D9DD3500915124 /* Maria.xcdatamodeld */ = {
			isa = XCVersionGroup;
			children = (
				4DCF205319D9DD3500915124 /* Maria.xcdatamodel */,
			);
			currentVersion = 4DCF205319D9DD3500915124 /* Maria.xcdatamodel */;
			path = Maria.xcdatamodeld;
			sourceTree = "<group>";
			versionGroupType = wrapper.xcdatamodel;
		};
/* End XCVersionGroup section */
	};
	rootObject = 4DEAAF2519D59D7D00E3FDDA /* Project object */;
}
