// !$*UTF8*$!
{
	archiveVersion = 1;
	classes = {
	};
	objectVersion = 46;
	objects = {

/* Begin PBXBuildFile section */
		4D0AE64919EECAA70002EAC5 /* CultivoTableViewCell.m in Sources */ = {isa = PBXBuildFile; fileRef = 4D0AE64819EECAA70002EAC5 /* CultivoTableViewCell.m */; };
		4D0AE64F19F005710002EAC5 /* UIViewController+Helper.m in Sources */ = {isa = PBXBuildFile; fileRef = 4D0AE64E19F005710002EAC5 /* UIViewController+Helper.m */; };
		4D0AE65319F050F10002EAC5 /* Logs.storyboard in Resources */ = {isa = PBXBuildFile; fileRef = 4D0AE65219F050F10002EAC5 /* Logs.storyboard */; };
		4D0AE65619F0515B0002EAC5 /* CultivosLogTableViewController.m in Sources */ = {isa = PBXBuildFile; fileRef = 4D0AE65519F0515B0002EAC5 /* CultivosLogTableViewController.m */; };
		4D2F459D19FA9E9C00CBDC37 /* RiegoViewController.m in Sources */ = {isa = PBXBuildFile; fileRef = 4D2F459C19FA9E9C00CBDC37 /* RiegoViewController.m */; };
		4D2F45A019FAAF1000CBDC37 /* FertilizanteViewController.m in Sources */ = {isa = PBXBuildFile; fileRef = 4D2F459F19FAAF1000CBDC37 /* FertilizanteViewController.m */; };
		4D2F45A619FACE7400CBDC37 /* Fertilizante.m in Sources */ = {isa = PBXBuildFile; fileRef = 4D2F45A519FACE7400CBDC37 /* Fertilizante.m */; };
		4D2F45A919FACE8E00CBDC37 /* Riego.m in Sources */ = {isa = PBXBuildFile; fileRef = 4D2F45A819FACE8E00CBDC37 /* Riego.m */; };
		4D5A4C8619FF19FE00DA8B1D /* EventoArmario.m in Sources */ = {isa = PBXBuildFile; fileRef = 4D5A4C8519FF19FE00DA8B1D /* EventoArmario.m */; };
		4D5A4C8919FF19FF00DA8B1D /* EventoPlanta.m in Sources */ = {isa = PBXBuildFile; fileRef = 4D5A4C8819FF19FF00DA8B1D /* EventoPlanta.m */; };
		4D717E4919DDE01B00DB9DDD /* TipoPlanta.m in Sources */ = {isa = PBXBuildFile; fileRef = 4D717E4819DDE01B00DB9DDD /* TipoPlanta.m */; };
		4D717E5219DDE21B00DB9DDD /* PlantaViewController.m in Sources */ = {isa = PBXBuildFile; fileRef = 4D717E5119DDE21B00DB9DDD /* PlantaViewController.m */; };
		4D717E5519DED22400DB9DDD /* PlantasTableViewController.m in Sources */ = {isa = PBXBuildFile; fileRef = 4D717E5419DED22400DB9DDD /* PlantasTableViewController.m */; };
		4D717E5819DEF65800DB9DDD /* FechaSelectorViewController.m in Sources */ = {isa = PBXBuildFile; fileRef = 4D717E5719DEF65800DB9DDD /* FechaSelectorViewController.m */; };
		4D7A56E719E30C0D00C39845 /* InitialNavigationController.m in Sources */ = {isa = PBXBuildFile; fileRef = 4D7A56E619E30C0D00C39845 /* InitialNavigationController.m */; };
		4DAD4DCF19F5716300A86C6A /* CultivosLogTableViewCell.m in Sources */ = {isa = PBXBuildFile; fileRef = 4DAD4DCE19F5716300A86C6A /* CultivosLogTableViewCell.m */; };
		4DAD4DD219F576F100A86C6A /* Fotos.storyboard in Resources */ = {isa = PBXBuildFile; fileRef = 4DAD4DD119F576F100A86C6A /* Fotos.storyboard */; };
		4DAD4DD519F57B2B00A86C6A /* FotosTableViewController.m in Sources */ = {isa = PBXBuildFile; fileRef = 4DAD4DD419F57B2B00A86C6A /* FotosTableViewController.m */; };
		4DAD4DD719F58B6900A86C6A /* CultivoLogHeader.xib in Resources */ = {isa = PBXBuildFile; fileRef = 4DAD4DD619F58B6900A86C6A /* CultivoLogHeader.xib */; };
		4DAD4DDA19F58D3900A86C6A /* CultivoLogHeaderView.m in Sources */ = {isa = PBXBuildFile; fileRef = 4DAD4DD919F58D3900A86C6A /* CultivoLogHeaderView.m */; };
		4DAD4DDD19F5A2CC00A86C6A /* ArmarioLogViewController.m in Sources */ = {isa = PBXBuildFile; fileRef = 4DAD4DDC19F5A2CC00A86C6A /* ArmarioLogViewController.m */; };
		4DAD4DE019F6F9B700A86C6A /* PlantasLogTableViewCell.m in Sources */ = {isa = PBXBuildFile; fileRef = 4DAD4DDF19F6F9B700A86C6A /* PlantasLogTableViewCell.m */; };
		4DAD4DFB19F7F91500A86C6A /* Armario.m in Sources */ = {isa = PBXBuildFile; fileRef = 4DAD4DF419F7F91500A86C6A /* Armario.m */; };
		4DAD4E0419F802D900A86C6A /* RepetirPlantaViewController.m in Sources */ = {isa = PBXBuildFile; fileRef = 4DAD4E0319F802D900A86C6A /* RepetirPlantaViewController.m */; };
		4DAD4E0719F8272700A86C6A /* EventoArmarioViewController.m in Sources */ = {isa = PBXBuildFile; fileRef = 4DAD4E0619F8272700A86C6A /* EventoArmarioViewController.m */; };
		4DAD4E0A19F9899B00A86C6A /* UIImageHelper.m in Sources */ = {isa = PBXBuildFile; fileRef = 4DAD4E0919F9899B00A86C6A /* UIImageHelper.m */; };
		4DAD4E1019F99F6D00A86C6A /* EventoPlantaViewController.m in Sources */ = {isa = PBXBuildFile; fileRef = 4DAD4E0F19F99F6D00A86C6A /* EventoPlantaViewController.m */; };
		4DB4FD031A06D85F001498FB /* Planta.m in Sources */ = {isa = PBXBuildFile; fileRef = 4DB4FD021A06D85F001498FB /* Planta.m */; };
		4DCF205D19D9DD3500915124 /* CicloVida.m in Sources */ = {isa = PBXBuildFile; fileRef = 4DCF204919D9DD3500915124 /* CicloVida.m */; };
		4DCF205E19D9DD3500915124 /* Cultivo.m in Sources */ = {isa = PBXBuildFile; fileRef = 4DCF204B19D9DD3500915124 /* Cultivo.m */; };
		4DCF206119D9DD3500915124 /* Luces.m in Sources */ = {isa = PBXBuildFile; fileRef = 4DCF205119D9DD3500915124 /* Luces.m */; };
		4DCF206219D9DD3500915124 /* Maria.xcdatamodeld in Sources */ = {isa = PBXBuildFile; fileRef = 4DCF205219D9DD3500915124 /* Maria.xcdatamodeld */; };
		4DCF206319D9DD3500915124 /* PeriodoLuz.m in Sources */ = {isa = PBXBuildFile; fileRef = 4DCF205519D9DD3500915124 /* PeriodoLuz.m */; };
		4DCF206619D9DD3500915124 /* Usuario.m in Sources */ = {isa = PBXBuildFile; fileRef = 4DCF205B19D9DD3500915124 /* Usuario.m */; };
		4DCF206F19D9DD8600915124 /* InitialViewController.m in Sources */ = {isa = PBXBuildFile; fileRef = 4DCF206919D9DD8600915124 /* InitialViewController.m */; };
		4DCF207019D9DD8600915124 /* LoginViewController.m in Sources */ = {isa = PBXBuildFile; fileRef = 4DCF206B19D9DD8600915124 /* LoginViewController.m */; };
		4DCF207119D9DD8600915124 /* Main.storyboard in Resources */ = {isa = PBXBuildFile; fileRef = 4DCF206C19D9DD8600915124 /* Main.storyboard */; };
		4DCF207219D9DD8600915124 /* NewUserViewController.m in Sources */ = {isa = PBXBuildFile; fileRef = 4DCF206E19D9DD8600915124 /* NewUserViewController.m */; };
		4DCF207519D9DF2300915124 /* CultivosTableViewController.m in Sources */ = {isa = PBXBuildFile; fileRef = 4DCF207419D9DF2300915124 /* CultivosTableViewController.m */; };
		4DD4EE8419DAE48600ED57F0 /* CultivoViewController.m in Sources */ = {isa = PBXBuildFile; fileRef = 4DD4EE8319DAE48600ED57F0 /* CultivoViewController.m */; };
		4DD4EE8719DAFF6400ED57F0 /* ArmarioViewController.m in Sources */ = {isa = PBXBuildFile; fileRef = 4DD4EE8619DAFF6400ED57F0 /* ArmarioViewController.m */; };
		4DD4EE8D19DB370500ED57F0 /* HorasLuzSelectorViewController.m in Sources */ = {isa = PBXBuildFile; fileRef = 4DD4EE8C19DB370500ED57F0 /* HorasLuzSelectorViewController.m */; };
		4DD4EE9019DC3E3B00ED57F0 /* SelectorViewController.m in Sources */ = {isa = PBXBuildFile; fileRef = 4DD4EE8F19DC3E3B00ED57F0 /* SelectorViewController.m */; };
		4DD4EE9319DC49FC00ED57F0 /* DataManager.m in Sources */ = {isa = PBXBuildFile; fileRef = 4DD4EE9219DC49FC00ED57F0 /* DataManager.m */; };
		4DD4EEAA19DC884000ED57F0 /* UIView+FrameHelper.m in Sources */ = {isa = PBXBuildFile; fileRef = 4DD4EEA919DC884000ED57F0 /* UIView+FrameHelper.m */; };
		4DE849C81A0066F100660D79 /* AlertViewController.m in Sources */ = {isa = PBXBuildFile; fileRef = 4DE849C71A0066F100660D79 /* AlertViewController.m */; };
		4DEAAF3319D59D7D00E3FDDA /* main.m in Sources */ = {isa = PBXBuildFile; fileRef = 4DEAAF3219D59D7D00E3FDDA /* main.m */; };
		4DEAAF3619D59D7D00E3FDDA /* AppDelegate.m in Sources */ = {isa = PBXBuildFile; fileRef = 4DEAAF3519D59D7D00E3FDDA /* AppDelegate.m */; };
		4DEAAF4119D59D7D00E3FDDA /* Images.xcassets in Resources */ = {isa = PBXBuildFile; fileRef = 4DEAAF4019D59D7D00E3FDDA /* Images.xcassets */; };
		4DEAAF4419D59D7D00E3FDDA /* LaunchScreen.xib in Resources */ = {isa = PBXBuildFile; fileRef = 4DEAAF4219D59D7D00E3FDDA /* LaunchScreen.xib */; };
		4DEAAF5019D59D7D00E3FDDA /* MariaTests.m in Sources */ = {isa = PBXBuildFile; fileRef = 4DEAAF4F19D59D7D00E3FDDA /* MariaTests.m */; };
		896E2DA019E9AF390093F6B1 /* Help.storyboard in Resources */ = {isa = PBXBuildFile; fileRef = 896E2D9F19E9AF390093F6B1 /* Help.storyboard */; };
		896E2DA319E9AF6A0093F6B1 /* ErrorViewController.m in Sources */ = {isa = PBXBuildFile; fileRef = 896E2DA219E9AF6A0093F6B1 /* ErrorViewController.m */; };
		B73EF1E84BD046BD8D232594 /* libPods.a in Frameworks */ = {isa = PBXBuildFile; fileRef = 3DC0FF23E20C4CEF87781FE5 /* libPods.a */; };
/* End PBXBuildFile section */

/* Begin PBXContainerItemProxy section */
		4DEAAF4A19D59D7D00E3FDDA /* PBXContainerItemProxy */ = {
			isa = PBXContainerItemProxy;
			containerPortal = 4DEAAF2519D59D7D00E3FDDA /* Project object */;
			proxyType = 1;
			remoteGlobalIDString = 4DEAAF2C19D59D7D00E3FDDA;
			remoteInfo = Maria;
		};
/* End PBXContainerItemProxy section */

/* Begin PBXFileReference section */
		3DC0FF23E20C4CEF87781FE5 /* libPods.a */ = {isa = PBXFileReference; explicitFileType = archive.ar; includeInIndex = 0; path = libPods.a; sourceTree = BUILT_PRODUCTS_DIR; };
		4D0AE64719EECAA70002EAC5 /* CultivoTableViewCell.h */ = {isa = PBXFileReference; fileEncoding = 4; lastKnownFileType = sourcecode.c.h; path = CultivoTableViewCell.h; sourceTree = "<group>"; };
		4D0AE64819EECAA70002EAC5 /* CultivoTableViewCell.m */ = {isa = PBXFileReference; fileEncoding = 4; lastKnownFileType = sourcecode.c.objc; path = CultivoTableViewCell.m; sourceTree = "<group>"; };
		4D0AE64D19F005710002EAC5 /* UIViewController+Helper.h */ = {isa = PBXFileReference; fileEncoding = 4; lastKnownFileType = sourcecode.c.h; path = "UIViewController+Helper.h"; sourceTree = "<group>"; };
		4D0AE64E19F005710002EAC5 /* UIViewController+Helper.m */ = {isa = PBXFileReference; fileEncoding = 4; lastKnownFileType = sourcecode.c.objc; path = "UIViewController+Helper.m"; sourceTree = "<group>"; };
		4D0AE65219F050F10002EAC5 /* Logs.storyboard */ = {isa = PBXFileReference; fileEncoding = 4; lastKnownFileType = file.storyboard; path = Logs.storyboard; sourceTree = "<group>"; };
		4D0AE65419F0515B0002EAC5 /* CultivosLogTableViewController.h */ = {isa = PBXFileReference; fileEncoding = 4; lastKnownFileType = sourcecode.c.h; path = CultivosLogTableViewController.h; sourceTree = "<group>"; };
		4D0AE65519F0515B0002EAC5 /* CultivosLogTableViewController.m */ = {isa = PBXFileReference; fileEncoding = 4; lastKnownFileType = sourcecode.c.objc; path = CultivosLogTableViewController.m; sourceTree = "<group>"; };
		4D2F459B19FA9E9C00CBDC37 /* RiegoViewController.h */ = {isa = PBXFileReference; fileEncoding = 4; lastKnownFileType = sourcecode.c.h; path = RiegoViewController.h; sourceTree = "<group>"; };
		4D2F459C19FA9E9C00CBDC37 /* RiegoViewController.m */ = {isa = PBXFileReference; fileEncoding = 4; lastKnownFileType = sourcecode.c.objc; path = RiegoViewController.m; sourceTree = "<group>"; };
		4D2F459E19FAAF1000CBDC37 /* FertilizanteViewController.h */ = {isa = PBXFileReference; fileEncoding = 4; lastKnownFileType = sourcecode.c.h; path = FertilizanteViewController.h; sourceTree = "<group>"; };
		4D2F459F19FAAF1000CBDC37 /* FertilizanteViewController.m */ = {isa = PBXFileReference; fileEncoding = 4; lastKnownFileType = sourcecode.c.objc; path = FertilizanteViewController.m; sourceTree = "<group>"; };
		4D2F45A419FACE7400CBDC37 /* Fertilizante.h */ = {isa = PBXFileReference; fileEncoding = 4; lastKnownFileType = sourcecode.c.h; path = Fertilizante.h; sourceTree = "<group>"; };
		4D2F45A519FACE7400CBDC37 /* Fertilizante.m */ = {isa = PBXFileReference; fileEncoding = 4; lastKnownFileType = sourcecode.c.objc; path = Fertilizante.m; sourceTree = "<group>"; };
		4D2F45A719FACE8E00CBDC37 /* Riego.h */ = {isa = PBXFileReference; fileEncoding = 4; lastKnownFileType = sourcecode.c.h; name = Riego.h; path = ../../Riego.h; sourceTree = "<group>"; };
		4D2F45A819FACE8E00CBDC37 /* Riego.m */ = {isa = PBXFileReference; fileEncoding = 4; lastKnownFileType = sourcecode.c.objc; name = Riego.m; path = ../../Riego.m; sourceTree = "<group>"; };
		4D5A4C8419FF19FE00DA8B1D /* EventoArmario.h */ = {isa = PBXFileReference; fileEncoding = 4; lastKnownFileType = sourcecode.c.h; name = EventoArmario.h; path = ../../EventoArmario.h; sourceTree = "<group>"; };
		4D5A4C8519FF19FE00DA8B1D /* EventoArmario.m */ = {isa = PBXFileReference; fileEncoding = 4; lastKnownFileType = sourcecode.c.objc; name = EventoArmario.m; path = ../../EventoArmario.m; sourceTree = "<group>"; };
		4D5A4C8719FF19FF00DA8B1D /* EventoPlanta.h */ = {isa = PBXFileReference; fileEncoding = 4; lastKnownFileType = sourcecode.c.h; name = EventoPlanta.h; path = ../../EventoPlanta.h; sourceTree = "<group>"; };
		4D5A4C8819FF19FF00DA8B1D /* EventoPlanta.m */ = {isa = PBXFileReference; fileEncoding = 4; lastKnownFileType = sourcecode.c.objc; name = EventoPlanta.m; path = ../../EventoPlanta.m; sourceTree = "<group>"; };
		4D717E4719DDE01B00DB9DDD /* TipoPlanta.h */ = {isa = PBXFileReference; fileEncoding = 4; lastKnownFileType = sourcecode.c.h; path = TipoPlanta.h; sourceTree = "<group>"; };
		4D717E4819DDE01B00DB9DDD /* TipoPlanta.m */ = {isa = PBXFileReference; fileEncoding = 4; lastKnownFileType = sourcecode.c.objc; path = TipoPlanta.m; sourceTree = "<group>"; };
		4D717E5019DDE21B00DB9DDD /* PlantaViewController.h */ = {isa = PBXFileReference; fileEncoding = 4; lastKnownFileType = sourcecode.c.h; path = PlantaViewController.h; sourceTree = "<group>"; };
		4D717E5119DDE21B00DB9DDD /* PlantaViewController.m */ = {isa = PBXFileReference; fileEncoding = 4; lastKnownFileType = sourcecode.c.objc; path = PlantaViewController.m; sourceTree = "<group>"; };
		4D717E5319DED22400DB9DDD /* PlantasTableViewController.h */ = {isa = PBXFileReference; fileEncoding = 4; lastKnownFileType = sourcecode.c.h; path = PlantasTableViewController.h; sourceTree = "<group>"; };
		4D717E5419DED22400DB9DDD /* PlantasTableViewController.m */ = {isa = PBXFileReference; fileEncoding = 4; lastKnownFileType = sourcecode.c.objc; path = PlantasTableViewController.m; sourceTree = "<group>"; };
		4D717E5619DEF65800DB9DDD /* FechaSelectorViewController.h */ = {isa = PBXFileReference; fileEncoding = 4; lastKnownFileType = sourcecode.c.h; path = FechaSelectorViewController.h; sourceTree = "<group>"; };
		4D717E5719DEF65800DB9DDD /* FechaSelectorViewController.m */ = {isa = PBXFileReference; fileEncoding = 4; lastKnownFileType = sourcecode.c.objc; path = FechaSelectorViewController.m; sourceTree = "<group>"; };
		4D7A56E519E30C0D00C39845 /* InitialNavigationController.h */ = {isa = PBXFileReference; fileEncoding = 4; lastKnownFileType = sourcecode.c.h; path = InitialNavigationController.h; sourceTree = "<group>"; };
		4D7A56E619E30C0D00C39845 /* InitialNavigationController.m */ = {isa = PBXFileReference; fileEncoding = 4; lastKnownFileType = sourcecode.c.objc; path = InitialNavigationController.m; sourceTree = "<group>"; };
		4DAD4DCD19F5716300A86C6A /* CultivosLogTableViewCell.h */ = {isa = PBXFileReference; fileEncoding = 4; lastKnownFileType = sourcecode.c.h; path = CultivosLogTableViewCell.h; sourceTree = "<group>"; };
		4DAD4DCE19F5716300A86C6A /* CultivosLogTableViewCell.m */ = {isa = PBXFileReference; fileEncoding = 4; lastKnownFileType = sourcecode.c.objc; path = CultivosLogTableViewCell.m; sourceTree = "<group>"; };
		4DAD4DD119F576F100A86C6A /* Fotos.storyboard */ = {isa = PBXFileReference; fileEncoding = 4; lastKnownFileType = file.storyboard; path = Fotos.storyboard; sourceTree = "<group>"; };
		4DAD4DD319F57B2B00A86C6A /* FotosTableViewController.h */ = {isa = PBXFileReference; fileEncoding = 4; lastKnownFileType = sourcecode.c.h; path = FotosTableViewController.h; sourceTree = "<group>"; };
		4DAD4DD419F57B2B00A86C6A /* FotosTableViewController.m */ = {isa = PBXFileReference; fileEncoding = 4; lastKnownFileType = sourcecode.c.objc; path = FotosTableViewController.m; sourceTree = "<group>"; };
		4DAD4DD619F58B6900A86C6A /* CultivoLogHeader.xib */ = {isa = PBXFileReference; fileEncoding = 4; lastKnownFileType = file.xib; path = CultivoLogHeader.xib; sourceTree = "<group>"; };
		4DAD4DD819F58D3900A86C6A /* CultivoLogHeaderView.h */ = {isa = PBXFileReference; fileEncoding = 4; lastKnownFileType = sourcecode.c.h; path = CultivoLogHeaderView.h; sourceTree = "<group>"; };
		4DAD4DD919F58D3900A86C6A /* CultivoLogHeaderView.m */ = {isa = PBXFileReference; fileEncoding = 4; lastKnownFileType = sourcecode.c.objc; path = CultivoLogHeaderView.m; sourceTree = "<group>"; };
		4DAD4DDB19F5A2CC00A86C6A /* ArmarioLogViewController.h */ = {isa = PBXFileReference; fileEncoding = 4; lastKnownFileType = sourcecode.c.h; path = ArmarioLogViewController.h; sourceTree = "<group>"; };
		4DAD4DDC19F5A2CC00A86C6A /* ArmarioLogViewController.m */ = {isa = PBXFileReference; fileEncoding = 4; lastKnownFileType = sourcecode.c.objc; path = ArmarioLogViewController.m; sourceTree = "<group>"; };
		4DAD4DDE19F6F9B700A86C6A /* PlantasLogTableViewCell.h */ = {isa = PBXFileReference; fileEncoding = 4; lastKnownFileType = sourcecode.c.h; path = PlantasLogTableViewCell.h; sourceTree = "<group>"; };
		4DAD4DDF19F6F9B700A86C6A /* PlantasLogTableViewCell.m */ = {isa = PBXFileReference; fileEncoding = 4; lastKnownFileType = sourcecode.c.objc; path = PlantasLogTableViewCell.m; sourceTree = "<group>"; };
		4DAD4DF319F7F91500A86C6A /* Armario.h */ = {isa = PBXFileReference; fileEncoding = 4; lastKnownFileType = sourcecode.c.h; path = Armario.h; sourceTree = "<group>"; };
		4DAD4DF419F7F91500A86C6A /* Armario.m */ = {isa = PBXFileReference; fileEncoding = 4; lastKnownFileType = sourcecode.c.objc; path = Armario.m; sourceTree = "<group>"; };
		4DAD4E0219F802D900A86C6A /* RepetirPlantaViewController.h */ = {isa = PBXFileReference; fileEncoding = 4; lastKnownFileType = sourcecode.c.h; path = RepetirPlantaViewController.h; sourceTree = "<group>"; };
		4DAD4E0319F802D900A86C6A /* RepetirPlantaViewController.m */ = {isa = PBXFileReference; fileEncoding = 4; lastKnownFileType = sourcecode.c.objc; path = RepetirPlantaViewController.m; sourceTree = "<group>"; };
		4DAD4E0519F8272700A86C6A /* EventoArmarioViewController.h */ = {isa = PBXFileReference; fileEncoding = 4; lastKnownFileType = sourcecode.c.h; path = EventoArmarioViewController.h; sourceTree = "<group>"; };
		4DAD4E0619F8272700A86C6A /* EventoArmarioViewController.m */ = {isa = PBXFileReference; fileEncoding = 4; lastKnownFileType = sourcecode.c.objc; path = EventoArmarioViewController.m; sourceTree = "<group>"; };
		4DAD4E0819F9899B00A86C6A /* UIImageHelper.h */ = {isa = PBXFileReference; fileEncoding = 4; lastKnownFileType = sourcecode.c.h; path = UIImageHelper.h; sourceTree = "<group>"; };
		4DAD4E0919F9899B00A86C6A /* UIImageHelper.m */ = {isa = PBXFileReference; fileEncoding = 4; lastKnownFileType = sourcecode.c.objc; path = UIImageHelper.m; sourceTree = "<group>"; };
		4DAD4E0E19F99F6D00A86C6A /* EventoPlantaViewController.h */ = {isa = PBXFileReference; fileEncoding = 4; lastKnownFileType = sourcecode.c.h; path = EventoPlantaViewController.h; sourceTree = "<group>"; };
		4DAD4E0F19F99F6D00A86C6A /* EventoPlantaViewController.m */ = {isa = PBXFileReference; fileEncoding = 4; lastKnownFileType = sourcecode.c.objc; path = EventoPlantaViewController.m; sourceTree = "<group>"; };
		4DB4FD011A06D85F001498FB /* Planta.h */ = {isa = PBXFileReference; fileEncoding = 4; lastKnownFileType = sourcecode.c.h; name = Planta.h; path = ../../Planta.h; sourceTree = "<group>"; };
		4DB4FD021A06D85F001498FB /* Planta.m */ = {isa = PBXFileReference; fileEncoding = 4; lastKnownFileType = sourcecode.c.objc; name = Planta.m; path = ../../Planta.m; sourceTree = "<group>"; };
		4DB6191719DD8D07000EFBD1 /* Maria-Prefix.pch */ = {isa = PBXFileReference; fileEncoding = 4; lastKnownFileType = sourcecode.c.h; path = "Maria-Prefix.pch"; sourceTree = SOURCE_ROOT; };
		4DCF204819D9DD3500915124 /* CicloVida.h */ = {isa = PBXFileReference; fileEncoding = 4; lastKnownFileType = sourcecode.c.h; path = CicloVida.h; sourceTree = "<group>"; };
		4DCF204919D9DD3500915124 /* CicloVida.m */ = {isa = PBXFileReference; fileEncoding = 4; lastKnownFileType = sourcecode.c.objc; path = CicloVida.m; sourceTree = "<group>"; };
		4DCF204A19D9DD3500915124 /* Cultivo.h */ = {isa = PBXFileReference; fileEncoding = 4; lastKnownFileType = sourcecode.c.h; path = Cultivo.h; sourceTree = "<group>"; };
		4DCF204B19D9DD3500915124 /* Cultivo.m */ = {isa = PBXFileReference; fileEncoding = 4; lastKnownFileType = sourcecode.c.objc; path = Cultivo.m; sourceTree = "<group>"; };
		4DCF205019D9DD3500915124 /* Luces.h */ = {isa = PBXFileReference; fileEncoding = 4; lastKnownFileType = sourcecode.c.h; path = Luces.h; sourceTree = "<group>"; };
		4DCF205119D9DD3500915124 /* Luces.m */ = {isa = PBXFileReference; fileEncoding = 4; lastKnownFileType = sourcecode.c.objc; path = Luces.m; sourceTree = "<group>"; };
		4DCF205319D9DD3500915124 /* Maria.xcdatamodel */ = {isa = PBXFileReference; lastKnownFileType = wrapper.xcdatamodel; path = Maria.xcdatamodel; sourceTree = "<group>"; };
		4DCF205419D9DD3500915124 /* PeriodoLuz.h */ = {isa = PBXFileReference; fileEncoding = 4; lastKnownFileType = sourcecode.c.h; path = PeriodoLuz.h; sourceTree = "<group>"; };
		4DCF205519D9DD3500915124 /* PeriodoLuz.m */ = {isa = PBXFileReference; fileEncoding = 4; lastKnownFileType = sourcecode.c.objc; path = PeriodoLuz.m; sourceTree = "<group>"; };
		4DCF205A19D9DD3500915124 /* Usuario.h */ = {isa = PBXFileReference; fileEncoding = 4; lastKnownFileType = sourcecode.c.h; path = Usuario.h; sourceTree = "<group>"; };
		4DCF205B19D9DD3500915124 /* Usuario.m */ = {isa = PBXFileReference; fileEncoding = 4; lastKnownFileType = sourcecode.c.objc; path = Usuario.m; sourceTree = "<group>"; };
		4DCF206819D9DD8600915124 /* InitialViewController.h */ = {isa = PBXFileReference; fileEncoding = 4; lastKnownFileType = sourcecode.c.h; path = InitialViewController.h; sourceTree = "<group>"; };
		4DCF206919D9DD8600915124 /* InitialViewController.m */ = {isa = PBXFileReference; fileEncoding = 4; lastKnownFileType = sourcecode.c.objc; path = InitialViewController.m; sourceTree = "<group>"; };
		4DCF206A19D9DD8600915124 /* LoginViewController.h */ = {isa = PBXFileReference; fileEncoding = 4; lastKnownFileType = sourcecode.c.h; path = LoginViewController.h; sourceTree = "<group>"; };
		4DCF206B19D9DD8600915124 /* LoginViewController.m */ = {isa = PBXFileReference; fileEncoding = 4; lastKnownFileType = sourcecode.c.objc; path = LoginViewController.m; sourceTree = "<group>"; };
		4DCF206C19D9DD8600915124 /* Main.storyboard */ = {isa = PBXFileReference; fileEncoding = 4; lastKnownFileType = file.storyboard; path = Main.storyboard; sourceTree = "<group>"; };
		4DCF206D19D9DD8600915124 /* NewUserViewController.h */ = {isa = PBXFileReference; fileEncoding = 4; lastKnownFileType = sourcecode.c.h; path = NewUserViewController.h; sourceTree = "<group>"; };
		4DCF206E19D9DD8600915124 /* NewUserViewController.m */ = {isa = PBXFileReference; fileEncoding = 4; lastKnownFileType = sourcecode.c.objc; path = NewUserViewController.m; sourceTree = "<group>"; };
		4DCF207319D9DF2300915124 /* CultivosTableViewController.h */ = {isa = PBXFileReference; fileEncoding = 4; lastKnownFileType = sourcecode.c.h; path = CultivosTableViewController.h; sourceTree = "<group>"; };
		4DCF207419D9DF2300915124 /* CultivosTableViewController.m */ = {isa = PBXFileReference; fileEncoding = 4; lastKnownFileType = sourcecode.c.objc; path = CultivosTableViewController.m; sourceTree = "<group>"; };
		4DD4EE8219DAE48600ED57F0 /* CultivoViewController.h */ = {isa = PBXFileReference; fileEncoding = 4; lastKnownFileType = sourcecode.c.h; path = CultivoViewController.h; sourceTree = "<group>"; };
		4DD4EE8319DAE48600ED57F0 /* CultivoViewController.m */ = {isa = PBXFileReference; fileEncoding = 4; lastKnownFileType = sourcecode.c.objc; path = CultivoViewController.m; sourceTree = "<group>"; };
		4DD4EE8519DAFF6400ED57F0 /* ArmarioViewController.h */ = {isa = PBXFileReference; fileEncoding = 4; lastKnownFileType = sourcecode.c.h; path = ArmarioViewController.h; sourceTree = "<group>"; };
		4DD4EE8619DAFF6400ED57F0 /* ArmarioViewController.m */ = {isa = PBXFileReference; fileEncoding = 4; lastKnownFileType = sourcecode.c.objc; path = ArmarioViewController.m; sourceTree = "<group>"; };
		4DD4EE8B19DB370500ED57F0 /* HorasLuzSelectorViewController.h */ = {isa = PBXFileReference; fileEncoding = 4; lastKnownFileType = sourcecode.c.h; path = HorasLuzSelectorViewController.h; sourceTree = "<group>"; };
		4DD4EE8C19DB370500ED57F0 /* HorasLuzSelectorViewController.m */ = {isa = PBXFileReference; fileEncoding = 4; lastKnownFileType = sourcecode.c.objc; path = HorasLuzSelectorViewController.m; sourceTree = "<group>"; };
		4DD4EE8E19DC3E3B00ED57F0 /* SelectorViewController.h */ = {isa = PBXFileReference; fileEncoding = 4; lastKnownFileType = sourcecode.c.h; path = SelectorViewController.h; sourceTree = "<group>"; };
		4DD4EE8F19DC3E3B00ED57F0 /* SelectorViewController.m */ = {isa = PBXFileReference; fileEncoding = 4; lastKnownFileType = sourcecode.c.objc; path = SelectorViewController.m; sourceTree = "<group>"; };
		4DD4EE9119DC49FC00ED57F0 /* DataManager.h */ = {isa = PBXFileReference; fileEncoding = 4; lastKnownFileType = sourcecode.c.h; path = DataManager.h; sourceTree = "<group>"; };
		4DD4EE9219DC49FC00ED57F0 /* DataManager.m */ = {isa = PBXFileReference; fileEncoding = 4; lastKnownFileType = sourcecode.c.objc; path = DataManager.m; sourceTree = "<group>"; };
		4DD4EEA419DC879600ED57F0 /* UIKitHelpers.h */ = {isa = PBXFileReference; fileEncoding = 4; lastKnownFileType = sourcecode.c.h; path = UIKitHelpers.h; sourceTree = "<group>"; };
		4DD4EEA819DC884000ED57F0 /* UIView+FrameHelper.h */ = {isa = PBXFileReference; fileEncoding = 4; lastKnownFileType = sourcecode.c.h; path = "UIView+FrameHelper.h"; sourceTree = "<group>"; };
		4DD4EEA919DC884000ED57F0 /* UIView+FrameHelper.m */ = {isa = PBXFileReference; fileEncoding = 4; lastKnownFileType = sourcecode.c.objc; path = "UIView+FrameHelper.m"; sourceTree = "<group>"; };
		4DE849C61A0066F100660D79 /* AlertViewController.h */ = {isa = PBXFileReference; fileEncoding = 4; lastKnownFileType = sourcecode.c.h; path = AlertViewController.h; sourceTree = "<group>"; };
		4DE849C71A0066F100660D79 /* AlertViewController.m */ = {isa = PBXFileReference; fileEncoding = 4; lastKnownFileType = sourcecode.c.objc; path = AlertViewController.m; sourceTree = "<group>"; };
		4DEAAF2D19D59D7D00E3FDDA /* Maria.app */ = {isa = PBXFileReference; explicitFileType = wrapper.application; includeInIndex = 0; path = Maria.app; sourceTree = BUILT_PRODUCTS_DIR; };
		4DEAAF3119D59D7D00E3FDDA /* Info.plist */ = {isa = PBXFileReference; lastKnownFileType = text.plist.xml; path = Info.plist; sourceTree = "<group>"; };
		4DEAAF3219D59D7D00E3FDDA /* main.m */ = {isa = PBXFileReference; lastKnownFileType = sourcecode.c.objc; path = main.m; sourceTree = "<group>"; };
		4DEAAF3419D59D7D00E3FDDA /* AppDelegate.h */ = {isa = PBXFileReference; lastKnownFileType = sourcecode.c.h; path = AppDelegate.h; sourceTree = "<group>"; };
		4DEAAF3519D59D7D00E3FDDA /* AppDelegate.m */ = {isa = PBXFileReference; lastKnownFileType = sourcecode.c.objc; path = AppDelegate.m; sourceTree = "<group>"; };
		4DEAAF4019D59D7D00E3FDDA /* Images.xcassets */ = {isa = PBXFileReference; lastKnownFileType = folder.assetcatalog; path = Images.xcassets; sourceTree = "<group>"; };
		4DEAAF4319D59D7D00E3FDDA /* Base */ = {isa = PBXFileReference; lastKnownFileType = file.xib; name = Base; path = Base.lproj/LaunchScreen.xib; sourceTree = "<group>"; };
		4DEAAF4919D59D7D00E3FDDA /* MariaTests.xctest */ = {isa = PBXFileReference; explicitFileType = wrapper.cfbundle; includeInIndex = 0; path = MariaTests.xctest; sourceTree = BUILT_PRODUCTS_DIR; };
		4DEAAF4E19D59D7D00E3FDDA /* Info.plist */ = {isa = PBXFileReference; lastKnownFileType = text.plist.xml; path = Info.plist; sourceTree = "<group>"; };
		4DEAAF4F19D59D7D00E3FDDA /* MariaTests.m */ = {isa = PBXFileReference; lastKnownFileType = sourcecode.c.objc; path = MariaTests.m; sourceTree = "<group>"; };
		896E2D9F19E9AF390093F6B1 /* Help.storyboard */ = {isa = PBXFileReference; fileEncoding = 4; lastKnownFileType = file.storyboard; path = Help.storyboard; sourceTree = "<group>"; };
		896E2DA119E9AF6A0093F6B1 /* ErrorViewController.h */ = {isa = PBXFileReference; fileEncoding = 4; lastKnownFileType = sourcecode.c.h; path = ErrorViewController.h; sourceTree = "<group>"; };
		896E2DA219E9AF6A0093F6B1 /* ErrorViewController.m */ = {isa = PBXFileReference; fileEncoding = 4; lastKnownFileType = sourcecode.c.objc; path = ErrorViewController.m; sourceTree = "<group>"; };
		D95EBD516FB14C24B3FA0B8F /* Pods.xcconfig */ = {isa = PBXFileReference; includeInIndex = 1; lastKnownFileType = text.xcconfig; name = Pods.xcconfig; path = Pods/Pods.xcconfig; sourceTree = "<group>"; };
/* End PBXFileReference section */

/* Begin PBXFrameworksBuildPhase section */
		4DEAAF2A19D59D7D00E3FDDA /* Frameworks */ = {
			isa = PBXFrameworksBuildPhase;
			buildActionMask = 2147483647;
			files = (
				B73EF1E84BD046BD8D232594 /* libPods.a in Frameworks */,
			);
			runOnlyForDeploymentPostprocessing = 0;
		};
		4DEAAF4619D59D7D00E3FDDA /* Frameworks */ = {
			isa = PBXFrameworksBuildPhase;
			buildActionMask = 2147483647;
			files = (
			);
			runOnlyForDeploymentPostprocessing = 0;
		};
/* End PBXFrameworksBuildPhase section */

/* Begin PBXGroup section */
		066DA61E515A46C6B4A83F0D /* Frameworks */ = {
			isa = PBXGroup;
			children = (
				3DC0FF23E20C4CEF87781FE5 /* libPods.a */,
			);
			name = Frameworks;
			sourceTree = "<group>";
		};
		4D0AE65019F045940002EAC5 /* Cultivo */ = {
			isa = PBXGroup;
			children = (
				4DCF206C19D9DD8600915124 /* Main.storyboard */,
				4DCF207319D9DF2300915124 /* CultivosTableViewController.h */,
				4DCF207419D9DF2300915124 /* CultivosTableViewController.m */,
				4D0AE64719EECAA70002EAC5 /* CultivoTableViewCell.h */,
				4D0AE64819EECAA70002EAC5 /* CultivoTableViewCell.m */,
				4DD4EE8219DAE48600ED57F0 /* CultivoViewController.h */,
				4DD4EE8319DAE48600ED57F0 /* CultivoViewController.m */,
				4DD4EE8519DAFF6400ED57F0 /* ArmarioViewController.h */,
				4DD4EE8619DAFF6400ED57F0 /* ArmarioViewController.m */,
				4DD4EE8B19DB370500ED57F0 /* HorasLuzSelectorViewController.h */,
				4DD4EE8C19DB370500ED57F0 /* HorasLuzSelectorViewController.m */,
				4DD4EE8E19DC3E3B00ED57F0 /* SelectorViewController.h */,
				4DD4EE8F19DC3E3B00ED57F0 /* SelectorViewController.m */,
				4D717E5019DDE21B00DB9DDD /* PlantaViewController.h */,
				4D717E5119DDE21B00DB9DDD /* PlantaViewController.m */,
				4D717E5319DED22400DB9DDD /* PlantasTableViewController.h */,
				4D717E5419DED22400DB9DDD /* PlantasTableViewController.m */,
				4D717E5619DEF65800DB9DDD /* FechaSelectorViewController.h */,
				4D717E5719DEF65800DB9DDD /* FechaSelectorViewController.m */,
				4DAD4E0219F802D900A86C6A /* RepetirPlantaViewController.h */,
				4DAD4E0319F802D900A86C6A /* RepetirPlantaViewController.m */,
			);
			name = Cultivo;
			sourceTree = "<group>";
		};
		4D0AE65119F050D20002EAC5 /* Logs */ = {
			isa = PBXGroup;
			children = (
				4D0AE65219F050F10002EAC5 /* Logs.storyboard */,
				4DAD4DD619F58B6900A86C6A /* CultivoLogHeader.xib */,
				4D0AE65419F0515B0002EAC5 /* CultivosLogTableViewController.h */,
				4D0AE65519F0515B0002EAC5 /* CultivosLogTableViewController.m */,
				4DAD4DCD19F5716300A86C6A /* CultivosLogTableViewCell.h */,
				4DAD4DCE19F5716300A86C6A /* CultivosLogTableViewCell.m */,
				4DAD4DD819F58D3900A86C6A /* CultivoLogHeaderView.h */,
				4DAD4DD919F58D3900A86C6A /* CultivoLogHeaderView.m */,
				4DAD4DDB19F5A2CC00A86C6A /* ArmarioLogViewController.h */,
				4DAD4DDC19F5A2CC00A86C6A /* ArmarioLogViewController.m */,
				4DAD4DDE19F6F9B700A86C6A /* PlantasLogTableViewCell.h */,
				4DAD4DDF19F6F9B700A86C6A /* PlantasLogTableViewCell.m */,
				4DAD4E0519F8272700A86C6A /* EventoArmarioViewController.h */,
				4DAD4E0619F8272700A86C6A /* EventoArmarioViewController.m */,
				4DAD4E0E19F99F6D00A86C6A /* EventoPlantaViewController.h */,
				4DAD4E0F19F99F6D00A86C6A /* EventoPlantaViewController.m */,
				4D2F459B19FA9E9C00CBDC37 /* RiegoViewController.h */,
				4D2F459C19FA9E9C00CBDC37 /* RiegoViewController.m */,
				4D2F459E19FAAF1000CBDC37 /* FertilizanteViewController.h */,
				4D2F459F19FAAF1000CBDC37 /* FertilizanteViewController.m */,
				4DE849C61A0066F100660D79 /* AlertViewController.h */,
				4DE849C71A0066F100660D79 /* AlertViewController.m */,
			);
			name = Logs;
			sourceTree = "<group>";
		};
		4DAD4DD019F576DF00A86C6A /* Fotos */ = {
			isa = PBXGroup;
			children = (
				4DAD4DD119F576F100A86C6A /* Fotos.storyboard */,
				4DAD4DD319F57B2B00A86C6A /* FotosTableViewController.h */,
				4DAD4DD419F57B2B00A86C6A /* FotosTableViewController.m */,
			);
			name = Fotos;
			sourceTree = "<group>";
		};
		4DBD3C3519E7334D00786F9C /* Usuarios */ = {
			isa = PBXGroup;
			children = (
				4DCF206A19D9DD8600915124 /* LoginViewController.h */,
				4DCF206B19D9DD8600915124 /* LoginViewController.m */,
				4DCF206D19D9DD8600915124 /* NewUserViewController.h */,
				4DCF206E19D9DD8600915124 /* NewUserViewController.m */,
			);
			name = Usuarios;
			sourceTree = "<group>";
		};
		4DCF204519D9DD3500915124 /* Model */ = {
			isa = PBXGroup;
			children = (
				4DCF205219D9DD3500915124 /* Maria.xcdatamodeld */,
				4D5A4C8719FF19FF00DA8B1D /* EventoPlanta.h */,
				4D5A4C8819FF19FF00DA8B1D /* EventoPlanta.m */,
				4D5A4C8419FF19FE00DA8B1D /* EventoArmario.h */,
				4D5A4C8519FF19FE00DA8B1D /* EventoArmario.m */,
				4D2F45A719FACE8E00CBDC37 /* Riego.h */,
				4D2F45A819FACE8E00CBDC37 /* Riego.m */,
				4DB4FD011A06D85F001498FB /* Planta.h */,
				4DB4FD021A06D85F001498FB /* Planta.m */,
				4D2F45A419FACE7400CBDC37 /* Fertilizante.h */,
				4D2F45A519FACE7400CBDC37 /* Fertilizante.m */,
				4D717E4719DDE01B00DB9DDD /* TipoPlanta.h */,
				4D717E4819DDE01B00DB9DDD /* TipoPlanta.m */,
				4DAD4DF319F7F91500A86C6A /* Armario.h */,
				4DAD4DF419F7F91500A86C6A /* Armario.m */,
				4DCF204819D9DD3500915124 /* CicloVida.h */,
				4DCF204919D9DD3500915124 /* CicloVida.m */,
				4DCF204A19D9DD3500915124 /* Cultivo.h */,
				4DCF204B19D9DD3500915124 /* Cultivo.m */,
				4DCF205019D9DD3500915124 /* Luces.h */,
				4DCF205119D9DD3500915124 /* Luces.m */,
				4DCF205419D9DD3500915124 /* PeriodoLuz.h */,
				4DCF205519D9DD3500915124 /* PeriodoLuz.m */,
				4DCF205A19D9DD3500915124 /* Usuario.h */,
				4DCF205B19D9DD3500915124 /* Usuario.m */,
				4DD4EE9119DC49FC00ED57F0 /* DataManager.h */,
				4DD4EE9219DC49FC00ED57F0 /* DataManager.m */,
			);
			path = Model;
			sourceTree = "<group>";
		};
		4DCF206719D9DD8600915124 /* ViewControllers */ = {
			isa = PBXGroup;
			children = (
				4DAD4DD019F576DF00A86C6A /* Fotos */,
				4D0AE65119F050D20002EAC5 /* Logs */,
				4D0AE65019F045940002EAC5 /* Cultivo */,
				89CF21CB19EDE12F0081D67D /* Help */,
				4DBD3C3519E7334D00786F9C /* Usuarios */,
				4D7A56E519E30C0D00C39845 /* InitialNavigationController.h */,
				4D7A56E619E30C0D00C39845 /* InitialNavigationController.m */,
				4DCF206819D9DD8600915124 /* InitialViewController.h */,
				4DCF206919D9DD8600915124 /* InitialViewController.m */,
			);
			path = ViewControllers;
			sourceTree = "<group>";
		};
		4DD4EE9419DC85E800ED57F0 /* Helpers */ = {
			isa = PBXGroup;
			children = (
				4DD4EEA419DC879600ED57F0 /* UIKitHelpers.h */,
				4DD4EEA819DC884000ED57F0 /* UIView+FrameHelper.h */,
				4DD4EEA919DC884000ED57F0 /* UIView+FrameHelper.m */,
				4D0AE64D19F005710002EAC5 /* UIViewController+Helper.h */,
				4D0AE64E19F005710002EAC5 /* UIViewController+Helper.m */,
				4DAD4E0819F9899B00A86C6A /* UIImageHelper.h */,
				4DAD4E0919F9899B00A86C6A /* UIImageHelper.m */,
			);
			path = Helpers;
			sourceTree = "<group>";
		};
		4DEAAF2419D59D7C00E3FDDA = {
			isa = PBXGroup;
			children = (
				4DEAAF2F19D59D7D00E3FDDA /* Maria */,
				4DEAAF4C19D59D7D00E3FDDA /* MariaTests */,
				4DEAAF2E19D59D7D00E3FDDA /* Products */,
				D95EBD516FB14C24B3FA0B8F /* Pods.xcconfig */,
				066DA61E515A46C6B4A83F0D /* Frameworks */,
			);
			sourceTree = "<group>";
		};
		4DEAAF2E19D59D7D00E3FDDA /* Products */ = {
			isa = PBXGroup;
			children = (
				4DEAAF2D19D59D7D00E3FDDA /* Maria.app */,
				4DEAAF4919D59D7D00E3FDDA /* MariaTests.xctest */,
			);
			name = Products;
			sourceTree = "<group>";
		};
		4DEAAF2F19D59D7D00E3FDDA /* Maria */ = {
			isa = PBXGroup;
			children = (
				4DD4EE9419DC85E800ED57F0 /* Helpers */,
				4DCF206719D9DD8600915124 /* ViewControllers */,
				4DCF204519D9DD3500915124 /* Model */,
				4DEAAF3419D59D7D00E3FDDA /* AppDelegate.h */,
				4DEAAF3519D59D7D00E3FDDA /* AppDelegate.m */,
				4DB6191719DD8D07000EFBD1 /* Maria-Prefix.pch */,
				4DEAAF4019D59D7D00E3FDDA /* Images.xcassets */,
				4DEAAF4219D59D7D00E3FDDA /* LaunchScreen.xib */,
				4DEAAF3019D59D7D00E3FDDA /* Supporting Files */,
			);
			path = Maria;
			sourceTree = "<group>";
		};
		4DEAAF3019D59D7D00E3FDDA /* Supporting Files */ = {
			isa = PBXGroup;
			children = (
				4DEAAF3119D59D7D00E3FDDA /* Info.plist */,
				4DEAAF3219D59D7D00E3FDDA /* main.m */,
			);
			name = "Supporting Files";
			sourceTree = "<group>";
		};
		4DEAAF4C19D59D7D00E3FDDA /* MariaTests */ = {
			isa = PBXGroup;
			children = (
				4DEAAF4F19D59D7D00E3FDDA /* MariaTests.m */,
				4DEAAF4D19D59D7D00E3FDDA /* Supporting Files */,
			);
			path = MariaTests;
			sourceTree = "<group>";
		};
		4DEAAF4D19D59D7D00E3FDDA /* Supporting Files */ = {
			isa = PBXGroup;
			children = (
				4DEAAF4E19D59D7D00E3FDDA /* Info.plist */,
			);
			name = "Supporting Files";
			sourceTree = "<group>";
		};
		89CF21CB19EDE12F0081D67D /* Help */ = {
			isa = PBXGroup;
			children = (
				896E2D9F19E9AF390093F6B1 /* Help.storyboard */,
				896E2DA119E9AF6A0093F6B1 /* ErrorViewController.h */,
				896E2DA219E9AF6A0093F6B1 /* ErrorViewController.m */,
			);
			name = Help;
			sourceTree = "<group>";
		};
/* End PBXGroup section */

/* Begin PBXNativeTarget section */
		4DEAAF2C19D59D7D00E3FDDA /* Maria */ = {
			isa = PBXNativeTarget;
			buildConfigurationList = 4DEAAF5319D59D7D00E3FDDA /* Build configuration list for PBXNativeTarget "Maria" */;
			buildPhases = (
				151F5B5175514425AE35D03A /* Check Pods Manifest.lock */,
				4DEAAF2919D59D7D00E3FDDA /* Sources */,
				4DEAAF2A19D59D7D00E3FDDA /* Frameworks */,
				4DEAAF2B19D59D7D00E3FDDA /* Resources */,
				132E77D6C48B4ED18C73F1CF /* Copy Pods Resources */,
			);
			buildRules = (
			);
			dependencies = (
			);
			name = Maria;
			productName = Maria;
			productReference = 4DEAAF2D19D59D7D00E3FDDA /* Maria.app */;
			productType = "com.apple.product-type.application";
		};
		4DEAAF4819D59D7D00E3FDDA /* MariaTests */ = {
			isa = PBXNativeTarget;
			buildConfigurationList = 4DEAAF5619D59D7D00E3FDDA /* Build configuration list for PBXNativeTarget "MariaTests" */;
			buildPhases = (
				4DEAAF4519D59D7D00E3FDDA /* Sources */,
				4DEAAF4619D59D7D00E3FDDA /* Frameworks */,
				4DEAAF4719D59D7D00E3FDDA /* Resources */,
			);
			buildRules = (
			);
			dependencies = (
				4DEAAF4B19D59D7D00E3FDDA /* PBXTargetDependency */,
			);
			name = MariaTests;
			productName = MariaTests;
			productReference = 4DEAAF4919D59D7D00E3FDDA /* MariaTests.xctest */;
			productType = "com.apple.product-type.bundle.unit-test";
		};
/* End PBXNativeTarget section */

/* Begin PBXProject section */
		4DEAAF2519D59D7D00E3FDDA /* Project object */ = {
			isa = PBXProject;
			attributes = {
				LastUpgradeCheck = 0600;
				ORGANIZATIONNAME = "Juan Escudero";
				TargetAttributes = {
					4DEAAF2C19D59D7D00E3FDDA = {
						CreatedOnToolsVersion = 6.0;
						DevelopmentTeam = NR79552RE6;
					};
					4DEAAF4819D59D7D00E3FDDA = {
						CreatedOnToolsVersion = 6.0;
						TestTargetID = 4DEAAF2C19D59D7D00E3FDDA;
					};
				};
			};
			buildConfigurationList = 4DEAAF2819D59D7D00E3FDDA /* Build configuration list for PBXProject "Maria" */;
			compatibilityVersion = "Xcode 3.2";
			developmentRegion = English;
			hasScannedForEncodings = 0;
			knownRegions = (
				en,
				Base,
			);
			mainGroup = 4DEAAF2419D59D7C00E3FDDA;
			productRefGroup = 4DEAAF2E19D59D7D00E3FDDA /* Products */;
			projectDirPath = "";
			projectRoot = "";
			targets = (
				4DEAAF2C19D59D7D00E3FDDA /* Maria */,
				4DEAAF4819D59D7D00E3FDDA /* MariaTests */,
			);
		};
/* End PBXProject section */

/* Begin PBXResourcesBuildPhase section */
		4DEAAF2B19D59D7D00E3FDDA /* Resources */ = {
			isa = PBXResourcesBuildPhase;
			buildActionMask = 2147483647;
			files = (
				4DCF207119D9DD8600915124 /* Main.storyboard in Resources */,
				4DEAAF4419D59D7D00E3FDDA /* LaunchScreen.xib in Resources */,
				4DAD4DD219F576F100A86C6A /* Fotos.storyboard in Resources */,
				4DAD4DD719F58B6900A86C6A /* CultivoLogHeader.xib in Resources */,
				4DEAAF4119D59D7D00E3FDDA /* Images.xcassets in Resources */,
				4D0AE65319F050F10002EAC5 /* Logs.storyboard in Resources */,
				896E2DA019E9AF390093F6B1 /* Help.storyboard in Resources */,
			);
			runOnlyForDeploymentPostprocessing = 0;
		};
		4DEAAF4719D59D7D00E3FDDA /* Resources */ = {
			isa = PBXResourcesBuildPhase;
			buildActionMask = 2147483647;
			files = (
			);
			runOnlyForDeploymentPostprocessing = 0;
		};
/* End PBXResourcesBuildPhase section */

/* Begin PBXShellScriptBuildPhase section */
		132E77D6C48B4ED18C73F1CF /* Copy Pods Resources */ = {
			isa = PBXShellScriptBuildPhase;
			buildActionMask = 2147483647;
			files = (
			);
			inputPaths = (
			);
			name = "Copy Pods Resources";
			outputPaths = (
			);
			runOnlyForDeploymentPostprocessing = 0;
			shellPath = /bin/sh;
			shellScript = "\"${SRCROOT}/Pods/Pods-resources.sh\"\n";
			showEnvVarsInLog = 0;
		};
		151F5B5175514425AE35D03A /* Check Pods Manifest.lock */ = {
			isa = PBXShellScriptBuildPhase;
			buildActionMask = 2147483647;
			files = (
			);
			inputPaths = (
			);
			name = "Check Pods Manifest.lock";
			outputPaths = (
			);
			runOnlyForDeploymentPostprocessing = 0;
			shellPath = /bin/sh;
			shellScript = "diff \"${PODS_ROOT}/../Podfile.lock\" \"${PODS_ROOT}/Manifest.lock\" > /dev/null\nif [[ $? != 0 ]] ; then\n    cat << EOM\nerror: The sandbox is not in sync with the Podfile.lock. Run 'pod install' or update your CocoaPods installation.\nEOM\n    exit 1\nfi\n";
			showEnvVarsInLog = 0;
		};
/* End PBXShellScriptBuildPhase section */

/* Begin PBXSourcesBuildPhase section */
		4DEAAF2919D59D7D00E3FDDA /* Sources */ = {
			isa = PBXSourcesBuildPhase;
			buildActionMask = 2147483647;
			files = (
				4DAD4E0419F802D900A86C6A /* RepetirPlantaViewController.m in Sources */,
				4DCF205E19D9DD3500915124 /* Cultivo.m in Sources */,
				4D717E4919DDE01B00DB9DDD /* TipoPlanta.m in Sources */,
				4DB4FD031A06D85F001498FB /* Planta.m in Sources */,
				896E2DA319E9AF6A0093F6B1 /* ErrorViewController.m in Sources */,
				4D5A4C8619FF19FE00DA8B1D /* EventoArmario.m in Sources */,
				4D2F45A919FACE8E00CBDC37 /* Riego.m in Sources */,
				4DEAAF3619D59D7D00E3FDDA /* AppDelegate.m in Sources */,
				4D717E5819DEF65800DB9DDD /* FechaSelectorViewController.m in Sources */,
				4D717E5519DED22400DB9DDD /* PlantasTableViewController.m in Sources */,
				4DCF206319D9DD3500915124 /* PeriodoLuz.m in Sources */,
				4DCF206F19D9DD8600915124 /* InitialViewController.m in Sources */,
				4DE849C81A0066F100660D79 /* AlertViewController.m in Sources */,
				4D2F45A019FAAF1000CBDC37 /* FertilizanteViewController.m in Sources */,
				4DEAAF3319D59D7D00E3FDDA /* main.m in Sources */,
				4DAD4DFB19F7F91500A86C6A /* Armario.m in Sources */,
				4DD4EE9019DC3E3B00ED57F0 /* SelectorViewController.m in Sources */,
				4DAD4DDA19F58D3900A86C6A /* CultivoLogHeaderView.m in Sources */,
				4DAD4DDD19F5A2CC00A86C6A /* ArmarioLogViewController.m in Sources */,
				4DD4EE9319DC49FC00ED57F0 /* DataManager.m in Sources */,
				4D2F45A619FACE7400CBDC37 /* Fertilizante.m in Sources */,
				4DD4EE8719DAFF6400ED57F0 /* ArmarioViewController.m in Sources */,
				4DCF206219D9DD3500915124 /* Maria.xcdatamodeld in Sources */,
				4DAD4E1019F99F6D00A86C6A /* EventoPlantaViewController.m in Sources */,
				4DD4EE8D19DB370500ED57F0 /* HorasLuzSelectorViewController.m in Sources */,
				4D0AE64F19F005710002EAC5 /* UIViewController+Helper.m in Sources */,
				4D717E5219DDE21B00DB9DDD /* PlantaViewController.m in Sources */,
				4DCF206119D9DD3500915124 /* Luces.m in Sources */,
				4D7A56E719E30C0D00C39845 /* InitialNavigationController.m in Sources */,
				4DAD4DD519F57B2B00A86C6A /* FotosTableViewController.m in Sources */,
				4DCF207519D9DF2300915124 /* CultivosTableViewController.m in Sources */,
				4DAD4E0719F8272700A86C6A /* EventoArmarioViewController.m in Sources */,
				4DD4EE8419DAE48600ED57F0 /* CultivoViewController.m in Sources */,
				4D0AE64919EECAA70002EAC5 /* CultivoTableViewCell.m in Sources */,
				4DAD4DE019F6F9B700A86C6A /* PlantasLogTableViewCell.m in Sources */,
				4DCF207219D9DD8600915124 /* NewUserViewController.m in Sources */,
				4D5A4C8919FF19FF00DA8B1D /* EventoPlanta.m in Sources */,
				4DCF206619D9DD3500915124 /* Usuario.m in Sources */,
				4D0AE65619F0515B0002EAC5 /* CultivosLogTableViewController.m in Sources */,
				4DD4EEAA19DC884000ED57F0 /* UIView+FrameHelper.m in Sources */,
				4D2F459D19FA9E9C00CBDC37 /* RiegoViewController.m in Sources */,
				4DAD4E0A19F9899B00A86C6A /* UIImageHelper.m in Sources */,
				4DCF205D19D9DD3500915124 /* CicloVida.m in Sources */,
				4DCF207019D9DD8600915124 /* LoginViewController.m in Sources */,
				4DAD4DCF19F5716300A86C6A /* CultivosLogTableViewCell.m in Sources */,
			);
			runOnlyForDeploymentPostprocessing = 0;
		};
		4DEAAF4519D59D7D00E3FDDA /* Sources */ = {
			isa = PBXSourcesBuildPhase;
			buildActionMask = 2147483647;
			files = (
				4DEAAF5019D59D7D00E3FDDA /* MariaTests.m in Sources */,
			);
			runOnlyForDeploymentPostprocessing = 0;
		};
/* End PBXSourcesBuildPhase section */

/* Begin PBXTargetDependency section */
		4DEAAF4B19D59D7D00E3FDDA /* PBXTargetDependency */ = {
			isa = PBXTargetDependency;
			target = 4DEAAF2C19D59D7D00E3FDDA /* Maria */;
			targetProxy = 4DEAAF4A19D59D7D00E3FDDA /* PBXContainerItemProxy */;
		};
/* End PBXTargetDependency section */

/* Begin PBXVariantGroup section */
		4DEAAF4219D59D7D00E3FDDA /* LaunchScreen.xib */ = {
			isa = PBXVariantGroup;
			children = (
				4DEAAF4319D59D7D00E3FDDA /* Base */,
			);
			name = LaunchScreen.xib;
			sourceTree = "<group>";
		};
/* End PBXVariantGroup section */

/* Begin XCBuildConfiguration section */
		4DEAAF5119D59D7D00E3FDDA /* Debug */ = {
			isa = XCBuildConfiguration;
			buildSettings = {
				ALWAYS_SEARCH_USER_PATHS = NO;
				CLANG_CXX_LANGUAGE_STANDARD = "gnu++0x";
				CLANG_CXX_LIBRARY = "libc++";
				CLANG_ENABLE_MODULES = YES;
				CLANG_ENABLE_OBJC_ARC = YES;
				CLANG_WARN_BOOL_CONVERSION = YES;
				CLANG_WARN_CONSTANT_CONVERSION = YES;
				CLANG_WARN_DIRECT_OBJC_ISA_USAGE = YES_ERROR;
				CLANG_WARN_EMPTY_BODY = YES;
				CLANG_WARN_ENUM_CONVERSION = YES;
				CLANG_WARN_INT_CONVERSION = YES;
				CLANG_WARN_OBJC_ROOT_CLASS = YES_ERROR;
				CLANG_WARN_UNREACHABLE_CODE = YES;
				CLANG_WARN__DUPLICATE_METHOD_MATCH = YES;
				"CODE_SIGN_IDENTITY[sdk=iphoneos*]" = "iPhone Developer";
				COPY_PHASE_STRIP = NO;
				ENABLE_STRICT_OBJC_MSGSEND = YES;
				GCC_C_LANGUAGE_STANDARD = gnu99;
				GCC_DYNAMIC_NO_PIC = NO;
				GCC_OPTIMIZATION_LEVEL = 0;
				GCC_PRECOMPILE_PREFIX_HEADER = YES;
				GCC_PREFIX_HEADER = "Maria-Prefix.pch";
				GCC_PREPROCESSOR_DEFINITIONS = (
					"DEBUG=1",
					"$(inherited)",
				);
				GCC_SYMBOLS_PRIVATE_EXTERN = NO;
				GCC_WARN_64_TO_32_BIT_CONVERSION = YES;
				GCC_WARN_ABOUT_RETURN_TYPE = YES_ERROR;
				GCC_WARN_UNDECLARED_SELECTOR = YES;
				GCC_WARN_UNINITIALIZED_AUTOS = YES_AGGRESSIVE;
				GCC_WARN_UNUSED_FUNCTION = YES;
				GCC_WARN_UNUSED_VARIABLE = YES;
				IPHONEOS_DEPLOYMENT_TARGET = 7.1;
				MTL_ENABLE_DEBUG_INFO = YES;
				ONLY_ACTIVE_ARCH = YES;
				SDKROOT = iphoneos;
			};
			name = Debug;
		};
		4DEAAF5219D59D7D00E3FDDA /* Release */ = {
			isa = XCBuildConfiguration;
			buildSettings = {
				ALWAYS_SEARCH_USER_PATHS = NO;
				CLANG_CXX_LANGUAGE_STANDARD = "gnu++0x";
				CLANG_CXX_LIBRARY = "libc++";
				CLANG_ENABLE_MODULES = YES;
				CLANG_ENABLE_OBJC_ARC = YES;
				CLANG_WARN_BOOL_CONVERSION = YES;
				CLANG_WARN_CONSTANT_CONVERSION = YES;
				CLANG_WARN_DIRECT_OBJC_ISA_USAGE = YES_ERROR;
				CLANG_WARN_EMPTY_BODY = YES;
				CLANG_WARN_ENUM_CONVERSION = YES;
				CLANG_WARN_INT_CONVERSION = YES;
				CLANG_WARN_OBJC_ROOT_CLASS = YES_ERROR;
				CLANG_WARN_UNREACHABLE_CODE = YES;
				CLANG_WARN__DUPLICATE_METHOD_MATCH = YES;
				"CODE_SIGN_IDENTITY[sdk=iphoneos*]" = "iPhone Developer";
				COPY_PHASE_STRIP = YES;
				ENABLE_NS_ASSERTIONS = NO;
				ENABLE_STRICT_OBJC_MSGSEND = YES;
				GCC_C_LANGUAGE_STANDARD = gnu99;
				GCC_PRECOMPILE_PREFIX_HEADER = YES;
				GCC_PREFIX_HEADER = "Maria-Prefix.pch";
				GCC_WARN_64_TO_32_BIT_CONVERSION = YES;
				GCC_WARN_ABOUT_RETURN_TYPE = YES_ERROR;
				GCC_WARN_UNDECLARED_SELECTOR = YES;
				GCC_WARN_UNINITIALIZED_AUTOS = YES_AGGRESSIVE;
				GCC_WARN_UNUSED_FUNCTION = YES;
				GCC_WARN_UNUSED_VARIABLE = YES;
				IPHONEOS_DEPLOYMENT_TARGET = 7.1;
				MTL_ENABLE_DEBUG_INFO = NO;
				SDKROOT = iphoneos;
				VALIDATE_PRODUCT = YES;
			};
			name = Release;
		};
		4DEAAF5419D59D7D00E3FDDA /* Debug */ = {
			isa = XCBuildConfiguration;
			baseConfigurationReference = D95EBD516FB14C24B3FA0B8F /* Pods.xcconfig */;
			buildSettings = {
				ASSETCATALOG_COMPILER_APPICON_NAME = AppIcon;
				ASSETCATALOG_COMPILER_LAUNCHIMAGE_NAME = LaunchImage;
				CODE_SIGN_IDENTITY = "iPhone Developer";
				GCC_PRECOMPILE_PREFIX_HEADER = YES;
				HEADER_SEARCH_PATHS = (
					"\"${PODS_ROOT}/Headers\"",
					"\"${PODS_ROOT}/Headers/ObjectiveRecord\"",
					"\"${PODS_ROOT}/Headers/ObjectiveSugar\"",
				);
				INFOPLIST_FILE = Maria/Info.plist;
				IPHONEOS_DEPLOYMENT_TARGET = 7.1;
				LD_RUNPATH_SEARCH_PATHS = "$(inherited) @executable_path/Frameworks";
				PRODUCT_NAME = "$(TARGET_NAME)";
			};
			name = Debug;
		};
		4DEAAF5519D59D7D00E3FDDA /* Release */ = {
			isa = XCBuildConfiguration;
			baseConfigurationReference = D95EBD516FB14C24B3FA0B8F /* Pods.xcconfig */;
			buildSettings = {
				ASSETCATALOG_COMPILER_APPICON_NAME = AppIcon;
				ASSETCATALOG_COMPILER_LAUNCHIMAGE_NAME = LaunchImage;
				CODE_SIGN_IDENTITY = "iPhone Developer";
				GCC_PRECOMPILE_PREFIX_HEADER = YES;
				HEADER_SEARCH_PATHS = (
					"\"${PODS_ROOT}/Headers\"",
					"\"${PODS_ROOT}/Headers/ObjectiveRecord\"",
					"\"${PODS_ROOT}/Headers/ObjectiveSugar\"",
				);
				INFOPLIST_FILE = Maria/Info.plist;
				IPHONEOS_DEPLOYMENT_TARGET = 7.1;
				LD_RUNPATH_SEARCH_PATHS = "$(inherited) @executable_path/Frameworks";
				PRODUCT_NAME = "$(TARGET_NAME)";
			};
			name = Release;
		};
		4DEAAF5719D59D7D00E3FDDA /* Debug */ = {
			isa = XCBuildConfiguration;
			buildSettings = {
				BUNDLE_LOADER = "$(TEST_HOST)";
				FRAMEWORK_SEARCH_PATHS = (
					"$(SDKROOT)/Developer/Library/Frameworks",
					"$(inherited)",
				);
				GCC_PREPROCESSOR_DEFINITIONS = (
					"DEBUG=1",
					"$(inherited)",
				);
				INFOPLIST_FILE = MariaTests/Info.plist;
				LD_RUNPATH_SEARCH_PATHS = "$(inherited) @executable_path/Frameworks @loader_path/Frameworks";
				PRODUCT_NAME = "$(TARGET_NAME)";
				TEST_HOST = "$(BUILT_PRODUCTS_DIR)/Maria.app/Maria";
			};
			name = Debug;
		};
		4DEAAF5819D59D7D00E3FDDA /* Release */ = {
			isa = XCBuildConfiguration;
			buildSettings = {
				BUNDLE_LOADER = "$(TEST_HOST)";
				FRAMEWORK_SEARCH_PATHS = (
					"$(SDKROOT)/Developer/Library/Frameworks",
					"$(inherited)",
				);
				INFOPLIST_FILE = MariaTests/Info.plist;
				LD_RUNPATH_SEARCH_PATHS = "$(inherited) @executable_path/Frameworks @loader_path/Frameworks";
				PRODUCT_NAME = "$(TARGET_NAME)";
				TEST_HOST = "$(BUILT_PRODUCTS_DIR)/Maria.app/Maria";
			};
			name = Release;
		};
/* End XCBuildConfiguration section */

/* Begin XCConfigurationList section */
		4DEAAF2819D59D7D00E3FDDA /* Build configuration list for PBXProject "Maria" */ = {
			isa = XCConfigurationList;
			buildConfigurations = (
				4DEAAF5119D59D7D00E3FDDA /* Debug */,
				4DEAAF5219D59D7D00E3FDDA /* Release */,
			);
			defaultConfigurationIsVisible = 0;
			defaultConfigurationName = Release;
		};
		4DEAAF5319D59D7D00E3FDDA /* Build configuration list for PBXNativeTarget "Maria" */ = {
			isa = XCConfigurationList;
			buildConfigurations = (
				4DEAAF5419D59D7D00E3FDDA /* Debug */,
				4DEAAF5519D59D7D00E3FDDA /* Release */,
			);
			defaultConfigurationIsVisible = 0;
			defaultConfigurationName = Release;
		};
		4DEAAF5619D59D7D00E3FDDA /* Build configuration list for PBXNativeTarget "MariaTests" */ = {
			isa = XCConfigurationList;
			buildConfigurations = (
				4DEAAF5719D59D7D00E3FDDA /* Debug */,
				4DEAAF5819D59D7D00E3FDDA /* Release */,
			);
			defaultConfigurationIsVisible = 0;
			defaultConfigurationName = Release;
		};
/* End XCConfigurationList section */

/* Begin XCVersionGroup section */
		4DCF205219D9DD3500915124 /* Maria.xcdatamodeld */ = {
			isa = XCVersionGroup;
			children = (
				4DCF205319D9DD3500915124 /* Maria.xcdatamodel */,
			);
			currentVersion = 4DCF205319D9DD3500915124 /* Maria.xcdatamodel */;
			path = Maria.xcdatamodeld;
			sourceTree = "<group>";
			versionGroupType = wrapper.xcdatamodel;
		};
/* End XCVersionGroup section */
	};
	rootObject = 4DEAAF2519D59D7D00E3FDDA /* Project object */;
}
